PODS:
  - Alamofire (5.4.3)
  - InAppPurchase (2.3.1)
  - MBCircularProgressBar (0.3.5)
  - MeterGauge (0.0.6)
  - Purchases (3.12.4):
    - PurchasesCoreSwift (= 3.12.4)
  - PurchasesCoreSwift (3.12.4)
  - StepIndicator (1.0.8)
  - SwiftyJSON (4.3.0)
  - SwiftySound (1.2.0)
  - SystemServices (2.0.1)
  - UserDefaultsStore (2.0.0)

DEPENDENCIES:
  - Alamofire (~> 5.1)
  - InAppPurchase
  - MBCircularProgressBar
  - MeterGauge
  - Purchases
  - StepIndicator
  - SwiftyJSON (~> 4.0)
  - SwiftySound (~> 1.2)
  - SystemServices (~> 2.0.1)
  - UserDefaultsStore

SPEC REPOS:
  trunk:
    - Alamofire
    - InAppPurchase
    - MBCircularProgressBar
    - MeterGauge
    - Purchases
    - PurchasesCoreSwift
    - StepIndicator
    - SwiftyJSON
    - SwiftySound
    - SystemServices
    - UserDefaultsStore

SPEC CHECKSUMS:
  Alamofire: e447a2774a40c996748296fa2c55112fdbbc42f9
  InAppPurchase: 0a8e027080fb57556ca9e04768137d0d6971f87e
  MBCircularProgressBar: 0b795b722a5eb5b0923822f90474e2576a1a7855
  MeterGauge: e3243120af0ca69f807e72d459707edc7d5447da
  Purchases: c451e29e3ceefaa8e7926a0d0d831b0f0ff39e32
  PurchasesCoreSwift: c276d8c8df495271afebb0b090ec35117a0a827f
  StepIndicator: 748b293f671355b021253f82031ac002f153dc81
  SwiftyJSON: 6faa0040f8b59dead0ee07436cbf76b73c08fd08
  SwiftySound: 9eb28bb14edb601b40027e44319e0ef8383f88bf
  SystemServices: 7af348493ece8951449b476c41532df72569b181
  UserDefaultsStore: 2049df5d9096a43632c7ee2c3c2dbfe5c70d20ed

PODFILE CHECKSUM: 778429a0da4c5b7d4abc82d3f4e509384b25ae08

COCOAPODS: 1.11.3
