// !$*UTF8*$!
{
	archiveVersion = 1;
	classes = {
	};
	objectVersion = 54;
	objects = {

/* Begin PBXBuildFile section */
		5C005E8A262EC696004B4D99 /* Intents.intentdefinition in Sources */ = {isa = PBXBuildFile; fileRef = 5C005E89262EC696004B4D99 /* Intents.intentdefinition */; };
		5C0566C4261C4A6200798392 /* InAppVC.xib in Resources */ = {isa = PBXBuildFile; fileRef = 5C0566C2261C4A6200798392 /* InAppVC.xib */; };
		5C0566C5261C4A6200798392 /* InAppVC.swift in Sources */ = {isa = PBXBuildFile; fileRef = 5C0566C3261C4A6200798392 /* InAppVC.swift */; };
		5C153BE1260B3A31007B9E5D /* Ads.swift in Sources */ = {isa = PBXBuildFile; fileRef = 5C153BE0260B3A31007B9E5D /* Ads.swift */; };
		5C2F117F25FE74F800B5541C /* BatteryStateCell.swift in Sources */ = {isa = PBXBuildFile; fileRef = 5C2F117E25FE74F800B5541C /* BatteryStateCell.swift */; };
		5C4183FC25FA3F0300FC4647 /* BatteryState.swift in Sources */ = {isa = PBXBuildFile; fileRef = 5C4183FB25FA3F0300FC4647 /* BatteryState.swift */; };
		5C41E5D3262CBB60001D82C7 /* StartWidget.intentdefinition in Sources */ = {isa = PBXBuildFile; fileRef = 5C41E5D2262CBB60001D82C7 /* StartWidget.intentdefinition */; };
		5C46E53F2629A6F3004B48ED /* WidgetKit.framework in Frameworks */ = {isa = PBXBuildFile; fileRef = 5C46E53E2629A6F2004B48ED /* WidgetKit.framework */; };
		5C46E5412629A6F3004B48ED /* SwiftUI.framework in Frameworks */ = {isa = PBXBuildFile; fileRef = 5C46E5402629A6F3004B48ED /* SwiftUI.framework */; };
		5C46E5442629A6F3004B48ED /* StartWidget.swift in Sources */ = {isa = PBXBuildFile; fileRef = 5C46E5432629A6F3004B48ED /* StartWidget.swift */; };
		5C46E5472629A6F3004B48ED /* Assets.xcassets in Resources */ = {isa = PBXBuildFile; fileRef = 5C46E5462629A6F3004B48ED /* Assets.xcassets */; };
		5C46E54D2629A6F3004B48ED /* StartWidgetExtension.appex in Embed App Extensions */ = {isa = PBXBuildFile; fileRef = 5C46E53D2629A6F2004B48ED /* StartWidgetExtension.appex */; settings = {ATTRIBUTES = (RemoveHeadersOnCopy, ); }; };
		5C5572A42622F00C00E095F3 /* AlarmB.mp3 in Resources */ = {isa = PBXBuildFile; fileRef = 5C5572A32622F00C00E095F3 /* AlarmB.mp3 */; };
		5C656BDA25EE7B2E00EF896F /* AppDelegate.swift in Sources */ = {isa = PBXBuildFile; fileRef = 5C656BD925EE7B2E00EF896F /* AppDelegate.swift */; };
		5C656BDE25EE7B2E00EF896F /* ViewController.swift in Sources */ = {isa = PBXBuildFile; fileRef = 5C656BDD25EE7B2E00EF896F /* ViewController.swift */; };
		5C656BE125EE7B2E00EF896F /* Main.storyboard in Resources */ = {isa = PBXBuildFile; fileRef = 5C656BDF25EE7B2E00EF896F /* Main.storyboard */; };
		5C656BE325EE7B3100EF896F /* Assets.xcassets in Resources */ = {isa = PBXBuildFile; fileRef = 5C656BE225EE7B3100EF896F /* Assets.xcassets */; };
		5C656BE625EE7B3100EF896F /* LaunchScreen.storyboard in Resources */ = {isa = PBXBuildFile; fileRef = 5C656BE425EE7B3100EF896F /* LaunchScreen.storyboard */; };
		5C75C2C62616154C00808F40 /* batteryTest.swift in Sources */ = {isa = PBXBuildFile; fileRef = 5C75C2C52616154C00808F40 /* batteryTest.swift */; };
		5C97489625EFEE7F00C150B5 /* bell.mp3 in Resources */ = {isa = PBXBuildFile; fileRef = 5C97489525EFEE7F00C150B5 /* bell.mp3 */; };
		5C9CFD122618C7C100CCEF10 /* Lotti.json in Resources */ = {isa = PBXBuildFile; fileRef = 5C9CFD112618C7C100CCEF10 /* Lotti.json */; };
		5CB0D84725EF8C2E005634CF /* siren.mp3 in Resources */ = {isa = PBXBuildFile; fileRef = 5CB0D84425EF8C2E005634CF /* siren.mp3 */; };
		5CB0D84925EF8C2E005634CF /* melody.mp3 in Resources */ = {isa = PBXBuildFile; fileRef = 5CB0D84625EF8C2E005634CF /* melody.mp3 */; };
		5CD9591726206BAC009E8B83 /* Api.swift in Sources */ = {isa = PBXBuildFile; fileRef = 5CD9591626206BAC009E8B83 /* Api.swift */; };
		5CE57E1725F512CD004D9D04 /* Model.swift in Sources */ = {isa = PBXBuildFile; fileRef = 5CE57E1625F512CD004D9D04 /* Model.swift */; };
		5CE57E1B25F51DDD004D9D04 /* SetBattery.swift in Sources */ = {isa = PBXBuildFile; fileRef = 5CE57E1925F51DDD004D9D04 /* SetBattery.swift */; };
		5CE57E1C25F51DDD004D9D04 /* SetBattery.xib in Resources */ = {isa = PBXBuildFile; fileRef = 5CE57E1A25F51DDD004D9D04 /* SetBattery.xib */; };
		5CE57E2125F52A11004D9D04 /* MainCell2.swift in Sources */ = {isa = PBXBuildFile; fileRef = 5CE57E2025F52A11004D9D04 /* MainCell2.swift */; };
		5CE57E2525F5323C004D9D04 /* MainCell3.swift in Sources */ = {isa = PBXBuildFile; fileRef = 5CE57E2425F5323C004D9D04 /* MainCell3.swift */; };
		5CE57E2925F53427004D9D04 /* MainCell4.swift in Sources */ = {isa = PBXBuildFile; fileRef = 5CE57E2825F53427004D9D04 /* MainCell4.swift */; };
		5CE57E2C25F5375E004D9D04 /* MainCell5.swift in Sources */ = {isa = PBXBuildFile; fileRef = 5CE57E2B25F5375E004D9D04 /* MainCell5.swift */; };
		5CEE564B262367C30065A524 /* batteryICONNew.png in Resources */ = {isa = PBXBuildFile; fileRef = 5CEE564A262367C30065A524 /* batteryICONNew.png */; };
		5CFA586A262ADF9500636988 /* Assets.xcassets in Resources */ = {isa = PBXBuildFile; fileRef = 5C656BE225EE7B3100EF896F /* Assets.xcassets */; };
		5CFBCC9325F4F0BD002DB657 /* MainVC.swift in Sources */ = {isa = PBXBuildFile; fileRef = 5CFBCC9225F4F0BD002DB657 /* MainVC.swift */; };
		5CFBCC9625F4F374002DB657 /* MainCell.swift in Sources */ = {isa = PBXBuildFile; fileRef = 5CFBCC9525F4F374002DB657 /* MainCell.swift */; };
		831D4388AB2B11DCC0511A82 /* Pods_Full_Battery_Health.framework in Frameworks */ = {isa = PBXBuildFile; fileRef = E9171965A6932E6632802677 /* Pods_Full_Battery_Health.framework */; };
		B095A26B27244BAC007104AC /* pro.json in Resources */ = {isa = PBXBuildFile; fileRef = B095A26A27244BAC007104AC /* pro.json */; };
		B0F826E62B0D1354003771E2 /* Charts in Frameworks */ = {isa = PBXBuildFile; productRef = B0F826E52B0D1354003771E2 /* Charts */; };
		B0FBE2952B1F3BE8007FC0C0 /* Lottie in Frameworks */ = {isa = PBXBuildFile; productRef = B0FBE2942B1F3BE8007FC0C0 /* Lottie */; };
		B0FBE2982B21FE3F007FC0C0 /* DuplicatePhotosViewController.swift in Sources */ = {isa = PBXBuildFile; fileRef = B0FBE2972B21FE3F007FC0C0 /* DuplicatePhotosViewController.swift */; };
		B0FBE29D2B220265007FC0C0 /* DublicatesTableViewCell.swift in Sources */ = {isa = PBXBuildFile; fileRef = B0FBE29C2B220265007FC0C0 /* DublicatesTableViewCell.swift */; };
		B0FBE2A12B2202D9007FC0C0 /* ScreenshotCollectionViewCell.swift in Sources */ = {isa = PBXBuildFile; fileRef = B0FBE2A02B2202D9007FC0C0 /* ScreenshotCollectionViewCell.swift */; };
		B0FBE2A32B2202E0007FC0C0 /* DublicateCollectionViewCell.swift in Sources */ = {isa = PBXBuildFile; fileRef = B0FBE2A22B2202DF007FC0C0 /* DublicateCollectionViewCell.swift */; };
		B0FBE2A62B220321007FC0C0 /* Formatter.swift in Sources */ = {isa = PBXBuildFile; fileRef = B0FBE2A52B220321007FC0C0 /* Formatter.swift */; };
		B0FBE2AB2B220394007FC0C0 /* ImageObjectModel.swift in Sources */ = {isa = PBXBuildFile; fileRef = B0FBE2A82B220393007FC0C0 /* ImageObjectModel.swift */; };
		B0FBE2AC2B220394007FC0C0 /* ImageManager.swift in Sources */ = {isa = PBXBuildFile; fileRef = B0FBE2A92B220393007FC0C0 /* ImageManager.swift */; };
		B0FBE2AD2B220394007FC0C0 /* FindDuplicatesUsingThumbnail.swift in Sources */ = {isa = PBXBuildFile; fileRef = B0FBE2AA2B220393007FC0C0 /* FindDuplicatesUsingThumbnail.swift */; };
		B0FBE2B02B220490007FC0C0 /* CocoaImageHashing in Frameworks */ = {isa = PBXBuildFile; productRef = B0FBE2AF2B220490007FC0C0 /* CocoaImageHashing */; };
		B0FBE2B32B220538007FC0C0 /* Array+chunked.swift in Sources */ = {isa = PBXBuildFile; fileRef = B0FBE2B22B220538007FC0C0 /* Array+chunked.swift */; };
/* End PBXBuildFile section */

/* Begin PBXContainerItemProxy section */
		5C46E54B2629A6F3004B48ED /* PBXContainerItemProxy */ = {
			isa = PBXContainerItemProxy;
			containerPortal = 5C656BCE25EE7B2E00EF896F /* Project object */;
			proxyType = 1;
			remoteGlobalIDString = 5C46E53C2629A6F2004B48ED;
			remoteInfo = StartWidgetExtension;
		};
/* End PBXContainerItemProxy section */

/* Begin PBXCopyFilesBuildPhase section */
		5C46E54E2629A6F3004B48ED /* Embed App Extensions */ = {
			isa = PBXCopyFilesBuildPhase;
			buildActionMask = 2147483647;
			dstPath = "";
			dstSubfolderSpec = 13;
			files = (
				5C46E54D2629A6F3004B48ED /* StartWidgetExtension.appex in Embed App Extensions */,
			);
			name = "Embed App Extensions";
			runOnlyForDeploymentPostprocessing = 0;
		};
/* End PBXCopyFilesBuildPhase section */

/* Begin PBXFileReference section */
		2E44DFC7A8A9BFF9E562F068 /* Pods-Full Battery Health +.release.xcconfig */ = {isa = PBXFileReference; includeInIndex = 1; lastKnownFileType = text.xcconfig; name = "Pods-Full Battery Health +.release.xcconfig"; path = "Target Support Files/Pods-Full Battery Health +/Pods-Full Battery Health +.release.xcconfig"; sourceTree = "<group>"; };
		46DA66993CDDA33054D9291B /* Pods-Full Battery Health +.debug.xcconfig */ = {isa = PBXFileReference; includeInIndex = 1; lastKnownFileType = text.xcconfig; name = "Pods-Full Battery Health +.debug.xcconfig"; path = "Target Support Files/Pods-Full Battery Health +/Pods-Full Battery Health +.debug.xcconfig"; sourceTree = "<group>"; };
		5C005E89262EC696004B4D99 /* Intents.intentdefinition */ = {isa = PBXFileReference; lastKnownFileType = file.intentdefinition; path = Intents.intentdefinition; sourceTree = "<group>"; };
		5C0566C2261C4A6200798392 /* InAppVC.xib */ = {isa = PBXFileReference; fileEncoding = 4; lastKnownFileType = file.xib; path = InAppVC.xib; sourceTree = "<group>"; };
		5C0566C3261C4A6200798392 /* InAppVC.swift */ = {isa = PBXFileReference; fileEncoding = 4; lastKnownFileType = sourcecode.swift; path = InAppVC.swift; sourceTree = "<group>"; };
		5C153BE0260B3A31007B9E5D /* Ads.swift */ = {isa = PBXFileReference; lastKnownFileType = sourcecode.swift; path = Ads.swift; sourceTree = "<group>"; };
		5C2F117E25FE74F800B5541C /* BatteryStateCell.swift */ = {isa = PBXFileReference; lastKnownFileType = sourcecode.swift; path = BatteryStateCell.swift; sourceTree = "<group>"; };
		5C4183FB25FA3F0300FC4647 /* BatteryState.swift */ = {isa = PBXFileReference; lastKnownFileType = sourcecode.swift; path = BatteryState.swift; sourceTree = "<group>"; };
		5C41E5D2262CBB60001D82C7 /* StartWidget.intentdefinition */ = {isa = PBXFileReference; fileEncoding = 4; lastKnownFileType = file.intentdefinition; path = StartWidget.intentdefinition; sourceTree = "<group>"; };
		5C46E53D2629A6F2004B48ED /* StartWidgetExtension.appex */ = {isa = PBXFileReference; explicitFileType = "wrapper.app-extension"; includeInIndex = 0; path = StartWidgetExtension.appex; sourceTree = BUILT_PRODUCTS_DIR; };
		5C46E53E2629A6F2004B48ED /* WidgetKit.framework */ = {isa = PBXFileReference; lastKnownFileType = wrapper.framework; name = WidgetKit.framework; path = System/Library/Frameworks/WidgetKit.framework; sourceTree = SDKROOT; };
		5C46E5402629A6F3004B48ED /* SwiftUI.framework */ = {isa = PBXFileReference; lastKnownFileType = wrapper.framework; name = SwiftUI.framework; path = System/Library/Frameworks/SwiftUI.framework; sourceTree = SDKROOT; };
		5C46E5432629A6F3004B48ED /* StartWidget.swift */ = {isa = PBXFileReference; lastKnownFileType = sourcecode.swift; path = StartWidget.swift; sourceTree = "<group>"; };
		5C46E5462629A6F3004B48ED /* Assets.xcassets */ = {isa = PBXFileReference; lastKnownFileType = folder.assetcatalog; path = Assets.xcassets; sourceTree = "<group>"; };
		5C46E5482629A6F3004B48ED /* Info.plist */ = {isa = PBXFileReference; lastKnownFileType = text.plist.xml; path = Info.plist; sourceTree = "<group>"; };
		5C5572A32622F00C00E095F3 /* AlarmB.mp3 */ = {isa = PBXFileReference; lastKnownFileType = audio.mp3; path = AlarmB.mp3; sourceTree = "<group>"; };
		5C5B6DAE261E2C4E006723AF /* Full Battery Health.entitlements */ = {isa = PBXFileReference; lastKnownFileType = text.plist.entitlements; path = "Full Battery Health.entitlements"; sourceTree = "<group>"; };
		5C656BD625EE7B2E00EF896F /* Full Battery Health.app */ = {isa = PBXFileReference; explicitFileType = wrapper.application; includeInIndex = 0; path = "Full Battery Health.app"; sourceTree = BUILT_PRODUCTS_DIR; };
		5C656BD925EE7B2E00EF896F /* AppDelegate.swift */ = {isa = PBXFileReference; lastKnownFileType = sourcecode.swift; path = AppDelegate.swift; sourceTree = "<group>"; };
		5C656BDD25EE7B2E00EF896F /* ViewController.swift */ = {isa = PBXFileReference; lastKnownFileType = sourcecode.swift; path = ViewController.swift; sourceTree = "<group>"; };
		5C656BE025EE7B2E00EF896F /* Base */ = {isa = PBXFileReference; lastKnownFileType = file.storyboard; name = Base; path = Base.lproj/Main.storyboard; sourceTree = "<group>"; };
		5C656BE225EE7B3100EF896F /* Assets.xcassets */ = {isa = PBXFileReference; lastKnownFileType = folder.assetcatalog; path = Assets.xcassets; sourceTree = "<group>"; };
		5C656BE525EE7B3100EF896F /* Base */ = {isa = PBXFileReference; lastKnownFileType = file.storyboard; name = Base; path = Base.lproj/LaunchScreen.storyboard; sourceTree = "<group>"; };
		5C656BE725EE7B3100EF896F /* Info.plist */ = {isa = PBXFileReference; lastKnownFileType = text.plist.xml; path = Info.plist; sourceTree = "<group>"; };
		5C75C2C52616154C00808F40 /* batteryTest.swift */ = {isa = PBXFileReference; lastKnownFileType = sourcecode.swift; path = batteryTest.swift; sourceTree = "<group>"; };
		5C97489525EFEE7F00C150B5 /* bell.mp3 */ = {isa = PBXFileReference; lastKnownFileType = audio.mp3; path = bell.mp3; sourceTree = "<group>"; };
		5C9CFD112618C7C100CCEF10 /* Lotti.json */ = {isa = PBXFileReference; fileEncoding = 4; lastKnownFileType = text.json; path = Lotti.json; sourceTree = "<group>"; };
		5CB0D84425EF8C2E005634CF /* siren.mp3 */ = {isa = PBXFileReference; lastKnownFileType = audio.mp3; path = siren.mp3; sourceTree = "<group>"; };
		5CB0D84625EF8C2E005634CF /* melody.mp3 */ = {isa = PBXFileReference; lastKnownFileType = audio.mp3; path = melody.mp3; sourceTree = "<group>"; };
		5CD9591626206BAC009E8B83 /* Api.swift */ = {isa = PBXFileReference; fileEncoding = 4; lastKnownFileType = sourcecode.swift; path = Api.swift; sourceTree = "<group>"; };
		5CE57E1625F512CD004D9D04 /* Model.swift */ = {isa = PBXFileReference; lastKnownFileType = sourcecode.swift; path = Model.swift; sourceTree = "<group>"; };
		5CE57E1925F51DDD004D9D04 /* SetBattery.swift */ = {isa = PBXFileReference; lastKnownFileType = sourcecode.swift; path = SetBattery.swift; sourceTree = "<group>"; };
		5CE57E1A25F51DDD004D9D04 /* SetBattery.xib */ = {isa = PBXFileReference; lastKnownFileType = file.xib; path = SetBattery.xib; sourceTree = "<group>"; };
		5CE57E2025F52A11004D9D04 /* MainCell2.swift */ = {isa = PBXFileReference; lastKnownFileType = sourcecode.swift; path = MainCell2.swift; sourceTree = "<group>"; };
		5CE57E2425F5323C004D9D04 /* MainCell3.swift */ = {isa = PBXFileReference; lastKnownFileType = sourcecode.swift; path = MainCell3.swift; sourceTree = "<group>"; };
		5CE57E2825F53427004D9D04 /* MainCell4.swift */ = {isa = PBXFileReference; lastKnownFileType = sourcecode.swift; path = MainCell4.swift; sourceTree = "<group>"; };
		5CE57E2B25F5375E004D9D04 /* MainCell5.swift */ = {isa = PBXFileReference; lastKnownFileType = sourcecode.swift; path = MainCell5.swift; sourceTree = "<group>"; };
		5CEE564A262367C30065A524 /* batteryICONNew.png */ = {isa = PBXFileReference; lastKnownFileType = image.png; path = batteryICONNew.png; sourceTree = "<group>"; };
		5CFA58672629EBFE00636988 /* StartWidgetExtension.entitlements */ = {isa = PBXFileReference; lastKnownFileType = text.plist.entitlements; path = StartWidgetExtension.entitlements; sourceTree = "<group>"; };
		5CFBCC9225F4F0BD002DB657 /* MainVC.swift */ = {isa = PBXFileReference; lastKnownFileType = sourcecode.swift; path = MainVC.swift; sourceTree = "<group>"; };
		5CFBCC9525F4F374002DB657 /* MainCell.swift */ = {isa = PBXFileReference; lastKnownFileType = sourcecode.swift; path = MainCell.swift; sourceTree = "<group>"; };
		9121C540F6F818630BE6BF7D /* Pods-Full Battery Health.debug.xcconfig */ = {isa = PBXFileReference; includeInIndex = 1; lastKnownFileType = text.xcconfig; name = "Pods-Full Battery Health.debug.xcconfig"; path = "Target Support Files/Pods-Full Battery Health/Pods-Full Battery Health.debug.xcconfig"; sourceTree = "<group>"; };
		9B470D66B49D76BC30226B88 /* Pods-Full Battery Health.release.xcconfig */ = {isa = PBXFileReference; includeInIndex = 1; lastKnownFileType = text.xcconfig; name = "Pods-Full Battery Health.release.xcconfig"; path = "Target Support Files/Pods-Full Battery Health/Pods-Full Battery Health.release.xcconfig"; sourceTree = "<group>"; };
		B095A26A27244BAC007104AC /* pro.json */ = {isa = PBXFileReference; fileEncoding = 4; lastKnownFileType = text.json; path = pro.json; sourceTree = "<group>"; };
		B0FBE2972B21FE3F007FC0C0 /* DuplicatePhotosViewController.swift */ = {isa = PBXFileReference; lastKnownFileType = sourcecode.swift; path = DuplicatePhotosViewController.swift; sourceTree = "<group>"; };
		B0FBE29C2B220265007FC0C0 /* DublicatesTableViewCell.swift */ = {isa = PBXFileReference; fileEncoding = 4; lastKnownFileType = sourcecode.swift; path = DublicatesTableViewCell.swift; sourceTree = "<group>"; };
		B0FBE2A02B2202D9007FC0C0 /* ScreenshotCollectionViewCell.swift */ = {isa = PBXFileReference; fileEncoding = 4; lastKnownFileType = sourcecode.swift; path = ScreenshotCollectionViewCell.swift; sourceTree = "<group>"; };
		B0FBE2A22B2202DF007FC0C0 /* DublicateCollectionViewCell.swift */ = {isa = PBXFileReference; fileEncoding = 4; lastKnownFileType = sourcecode.swift; path = DublicateCollectionViewCell.swift; sourceTree = "<group>"; };
		B0FBE2A52B220321007FC0C0 /* Formatter.swift */ = {isa = PBXFileReference; fileEncoding = 4; lastKnownFileType = sourcecode.swift; path = Formatter.swift; sourceTree = "<group>"; };
		B0FBE2A82B220393007FC0C0 /* ImageObjectModel.swift */ = {isa = PBXFileReference; fileEncoding = 4; lastKnownFileType = sourcecode.swift; path = ImageObjectModel.swift; sourceTree = "<group>"; };
		B0FBE2A92B220393007FC0C0 /* ImageManager.swift */ = {isa = PBXFileReference; fileEncoding = 4; lastKnownFileType = sourcecode.swift; path = ImageManager.swift; sourceTree = "<group>"; };
		B0FBE2AA2B220393007FC0C0 /* FindDuplicatesUsingThumbnail.swift */ = {isa = PBXFileReference; fileEncoding = 4; lastKnownFileType = sourcecode.swift; path = FindDuplicatesUsingThumbnail.swift; sourceTree = "<group>"; };
		B0FBE2B22B220538007FC0C0 /* Array+chunked.swift */ = {isa = PBXFileReference; fileEncoding = 4; lastKnownFileType = sourcecode.swift; path = "Array+chunked.swift"; sourceTree = "<group>"; };
		E9171965A6932E6632802677 /* Pods_Full_Battery_Health.framework */ = {isa = PBXFileReference; explicitFileType = wrapper.framework; includeInIndex = 0; path = Pods_Full_Battery_Health.framework; sourceTree = BUILT_PRODUCTS_DIR; };
/* End PBXFileReference section */

/* Begin PBXFrameworksBuildPhase section */
		5C46E53A2629A6F2004B48ED /* Frameworks */ = {
			isa = PBXFrameworksBuildPhase;
			buildActionMask = 2147483647;
			files = (
				5C46E5412629A6F3004B48ED /* SwiftUI.framework in Frameworks */,
				5C46E53F2629A6F3004B48ED /* WidgetKit.framework in Frameworks */,
			);
			runOnlyForDeploymentPostprocessing = 0;
		};
		5C656BD325EE7B2E00EF896F /* Frameworks */ = {
			isa = PBXFrameworksBuildPhase;
			buildActionMask = 2147483647;
			files = (
				831D4388AB2B11DCC0511A82 /* Pods_Full_Battery_Health.framework in Frameworks */,
				B0F826E62B0D1354003771E2 /* Charts in Frameworks */,
				B0FBE2952B1F3BE8007FC0C0 /* Lottie in Frameworks */,
				B0FBE2B02B220490007FC0C0 /* CocoaImageHashing in Frameworks */,
			);
			runOnlyForDeploymentPostprocessing = 0;
		};
/* End PBXFrameworksBuildPhase section */

/* Begin PBXGroup section */
		5C0566C7261C4A7300798392 /* VC */ = {
			isa = PBXGroup;
			children = (
				5CFBCC9225F4F0BD002DB657 /* MainVC.swift */,
				5C656BDD25EE7B2E00EF896F /* ViewController.swift */,
				5C4183FB25FA3F0300FC4647 /* BatteryState.swift */,
				5C0566C3261C4A6200798392 /* InAppVC.swift */,
				5C0566C2261C4A6200798392 /* InAppVC.xib */,
				5C75C2C52616154C00808F40 /* batteryTest.swift */,
			);
			path = VC;
			sourceTree = "<group>";
		};
		5C46E5422629A6F3004B48ED /* StartWidget */ = {
			isa = PBXGroup;
			children = (
				5C41E5D2262CBB60001D82C7 /* StartWidget.intentdefinition */,
				5C46E5432629A6F3004B48ED /* StartWidget.swift */,
				5C46E5462629A6F3004B48ED /* Assets.xcassets */,
				5C46E5482629A6F3004B48ED /* Info.plist */,
			);
			path = StartWidget;
			sourceTree = "<group>";
		};
		5C656BCD25EE7B2E00EF896F = {
			isa = PBXGroup;
			children = (
				5CFA58672629EBFE00636988 /* StartWidgetExtension.entitlements */,
				5C5B6DAE261E2C4E006723AF /* Full Battery Health.entitlements */,
				5C656BD825EE7B2E00EF896F /* Full Battery Health + */,
				5C46E5422629A6F3004B48ED /* StartWidget */,
				5C656BD725EE7B2E00EF896F /* Products */,
				EC67C4984A190C40D2427297 /* Pods */,
				D6D6C19C844C3F41108C3B3F /* Frameworks */,
			);
			sourceTree = "<group>";
		};
		5C656BD725EE7B2E00EF896F /* Products */ = {
			isa = PBXGroup;
			children = (
				5C656BD625EE7B2E00EF896F /* Full Battery Health.app */,
				5C46E53D2629A6F2004B48ED /* StartWidgetExtension.appex */,
			);
			name = Products;
			sourceTree = "<group>";
		};
		5C656BD825EE7B2E00EF896F /* Full Battery Health + */ = {
			isa = PBXGroup;
			children = (
				B0FBE2962B21FD72007FC0C0 /* Cleaner */,
				5C0566C7261C4A7300798392 /* VC */,
				5CE57E2325F5318F004D9D04 /* Cells */,
				5C656BD925EE7B2E00EF896F /* AppDelegate.swift */,
				5C656BDF25EE7B2E00EF896F /* Main.storyboard */,
				5CD9591626206BAC009E8B83 /* Api.swift */,
				5CE57E1625F512CD004D9D04 /* Model.swift */,
				5C656BE225EE7B3100EF896F /* Assets.xcassets */,
				5C5572A32622F00C00E095F3 /* AlarmB.mp3 */,
				5C97489525EFEE7F00C150B5 /* bell.mp3 */,
				5CEE564A262367C30065A524 /* batteryICONNew.png */,
				5CB0D84625EF8C2E005634CF /* melody.mp3 */,
				5CB0D84425EF8C2E005634CF /* siren.mp3 */,
				5C656BE725EE7B3100EF896F /* Info.plist */,
				5C153BE0260B3A31007B9E5D /* Ads.swift */,
				5C656BE425EE7B3100EF896F /* LaunchScreen.storyboard */,
				B095A26A27244BAC007104AC /* pro.json */,
				5C9CFD112618C7C100CCEF10 /* Lotti.json */,
				5C005E89262EC696004B4D99 /* Intents.intentdefinition */,
			);
			path = "Full Battery Health +";
			sourceTree = "<group>";
		};
		5CE57E2325F5318F004D9D04 /* Cells */ = {
			isa = PBXGroup;
			children = (
				5CE57E1A25F51DDD004D9D04 /* SetBattery.xib */,
				5CE57E1925F51DDD004D9D04 /* SetBattery.swift */,
				5CFBCC9525F4F374002DB657 /* MainCell.swift */,
				5CE57E2025F52A11004D9D04 /* MainCell2.swift */,
				5CE57E2425F5323C004D9D04 /* MainCell3.swift */,
				5CE57E2825F53427004D9D04 /* MainCell4.swift */,
				5CE57E2B25F5375E004D9D04 /* MainCell5.swift */,
				5C2F117E25FE74F800B5541C /* BatteryStateCell.swift */,
			);
			path = Cells;
			sourceTree = "<group>";
		};
		B0FBE2962B21FD72007FC0C0 /* Cleaner */ = {
			isa = PBXGroup;
			children = (
				B0FBE2A42B22031B007FC0C0 /* Model */,
				B0FBE29B2B22025C007FC0C0 /* Cell */,
				B0FBE2972B21FE3F007FC0C0 /* DuplicatePhotosViewController.swift */,
			);
			path = Cleaner;
			sourceTree = "<group>";
		};
		B0FBE29B2B22025C007FC0C0 /* Cell */ = {
			isa = PBXGroup;
			children = (
				B0FBE2A02B2202D9007FC0C0 /* ScreenshotCollectionViewCell.swift */,
				B0FBE2A22B2202DF007FC0C0 /* DublicateCollectionViewCell.swift */,
				B0FBE29C2B220265007FC0C0 /* DublicatesTableViewCell.swift */,
			);
			path = Cell;
			sourceTree = "<group>";
		};
		B0FBE2A42B22031B007FC0C0 /* Model */ = {
			isa = PBXGroup;
			children = (
				B0FBE2B12B220530007FC0C0 /* Extensions */,
				B0FBE2A72B220393007FC0C0 /* DuplicatesService */,
				B0FBE2A52B220321007FC0C0 /* Formatter.swift */,
			);
			path = Model;
			sourceTree = "<group>";
		};
		B0FBE2A72B220393007FC0C0 /* DuplicatesService */ = {
			isa = PBXGroup;
			children = (
				B0FBE2A82B220393007FC0C0 /* ImageObjectModel.swift */,
				B0FBE2A92B220393007FC0C0 /* ImageManager.swift */,
				B0FBE2AA2B220393007FC0C0 /* FindDuplicatesUsingThumbnail.swift */,
			);
			path = DuplicatesService;
			sourceTree = "<group>";
		};
		B0FBE2B12B220530007FC0C0 /* Extensions */ = {
			isa = PBXGroup;
			children = (
				B0FBE2B22B220538007FC0C0 /* Array+chunked.swift */,
			);
			path = Extensions;
			sourceTree = "<group>";
		};
		D6D6C19C844C3F41108C3B3F /* Frameworks */ = {
			isa = PBXGroup;
			children = (
				E9171965A6932E6632802677 /* Pods_Full_Battery_Health.framework */,
				5C46E53E2629A6F2004B48ED /* WidgetKit.framework */,
				5C46E5402629A6F3004B48ED /* SwiftUI.framework */,
			);
			name = Frameworks;
			sourceTree = "<group>";
		};
		EC67C4984A190C40D2427297 /* Pods */ = {
			isa = PBXGroup;
			children = (
				46DA66993CDDA33054D9291B /* Pods-Full Battery Health +.debug.xcconfig */,
				2E44DFC7A8A9BFF9E562F068 /* Pods-Full Battery Health +.release.xcconfig */,
				9121C540F6F818630BE6BF7D /* Pods-Full Battery Health.debug.xcconfig */,
				9B470D66B49D76BC30226B88 /* Pods-Full Battery Health.release.xcconfig */,
			);
			path = Pods;
			sourceTree = "<group>";
		};
/* End PBXGroup section */

/* Begin PBXNativeTarget section */
		5C46E53C2629A6F2004B48ED /* StartWidgetExtension */ = {
			isa = PBXNativeTarget;
			buildConfigurationList = 5C46E5512629A6F3004B48ED /* Build configuration list for PBXNativeTarget "StartWidgetExtension" */;
			buildPhases = (
				5C46E5392629A6F2004B48ED /* Sources */,
				5C46E53A2629A6F2004B48ED /* Frameworks */,
				5C46E53B2629A6F2004B48ED /* Resources */,
			);
			buildRules = (
			);
			dependencies = (
			);
			name = StartWidgetExtension;
			productName = StartWidgetExtension;
			productReference = 5C46E53D2629A6F2004B48ED /* StartWidgetExtension.appex */;
			productType = "com.apple.product-type.app-extension";
		};
		5C656BD525EE7B2E00EF896F /* Full Battery Health */ = {
			isa = PBXNativeTarget;
			buildConfigurationList = 5C656BEA25EE7B3100EF896F /* Build configuration list for PBXNativeTarget "Full Battery Health" */;
			buildPhases = (
				1AA47C49641BCB4155E765B7 /* [CP] Check Pods Manifest.lock */,
				5C656BD225EE7B2E00EF896F /* Sources */,
				5C656BD325EE7B2E00EF896F /* Frameworks */,
				5C656BD425EE7B2E00EF896F /* Resources */,
				5C46E54E2629A6F3004B48ED /* Embed App Extensions */,
				ADECC4D0F67150D2FBD4CF0D /* [CP] Embed Pods Frameworks */,
			);
			buildRules = (
			);
			dependencies = (
				5C46E54C2629A6F3004B48ED /* PBXTargetDependency */,
			);
			name = "Full Battery Health";
			packageProductDependencies = (
				B0F826E52B0D1354003771E2 /* Charts */,
				B0FBE2942B1F3BE8007FC0C0 /* Lottie */,
				B0FBE2AF2B220490007FC0C0 /* CocoaImageHashing */,
			);
			productName = "Full Battery Health +";
			productReference = 5C656BD625EE7B2E00EF896F /* Full Battery Health.app */;
			productType = "com.apple.product-type.application";
		};
/* End PBXNativeTarget section */

/* Begin PBXProject section */
		5C656BCE25EE7B2E00EF896F /* Project object */ = {
			isa = PBXProject;
			attributes = {
				LastSwiftUpdateCheck = 1220;
				LastUpgradeCheck = 1220;
				TargetAttributes = {
					5C46E53C2629A6F2004B48ED = {
						CreatedOnToolsVersion = 12.2;
					};
					5C656BD525EE7B2E00EF896F = {
						CreatedOnToolsVersion = 12.2;
					};
				};
			};
			buildConfigurationList = 5C656BD125EE7B2E00EF896F /* Build configuration list for PBXProject "Full Battery Health" */;
			compatibilityVersion = "Xcode 9.3";
			developmentRegion = en;
			hasScannedForEncodings = 0;
			knownRegions = (
				en,
				Base,
			);
			mainGroup = 5C656BCD25EE7B2E00EF896F;
			packageReferences = (
				B0F826E42B0D1354003771E2 /* XCRemoteSwiftPackageReference "Charts" */,
				B0FBE2932B1F3BE8007FC0C0 /* XCRemoteSwiftPackageReference "lottie-ios" */,
				B0FBE2AE2B220490007FC0C0 /* XCRemoteSwiftPackageReference "cocoaimagehashing" */,
			);
			productRefGroup = 5C656BD725EE7B2E00EF896F /* Products */;
			projectDirPath = "";
			projectRoot = "";
			targets = (
				5C656BD525EE7B2E00EF896F /* Full Battery Health */,
				5C46E53C2629A6F2004B48ED /* StartWidgetExtension */,
			);
		};
/* End PBXProject section */

/* Begin PBXResourcesBuildPhase section */
		5C46E53B2629A6F2004B48ED /* Resources */ = {
			isa = PBXResourcesBuildPhase;
			buildActionMask = 2147483647;
			files = (
				5CFA586A262ADF9500636988 /* Assets.xcassets in Resources */,
				5C46E5472629A6F3004B48ED /* Assets.xcassets in Resources */,
			);
			runOnlyForDeploymentPostprocessing = 0;
		};
		5C656BD425EE7B2E00EF896F /* Resources */ = {
			isa = PBXResourcesBuildPhase;
			buildActionMask = 2147483647;
			files = (
				5CB0D84925EF8C2E005634CF /* melody.mp3 in Resources */,
				5CB0D84725EF8C2E005634CF /* siren.mp3 in Resources */,
				5C0566C4261C4A6200798392 /* InAppVC.xib in Resources */,
				5C656BE625EE7B3100EF896F /* LaunchScreen.storyboard in Resources */,
				5C656BE325EE7B3100EF896F /* Assets.xcassets in Resources */,
				B095A26B27244BAC007104AC /* pro.json in Resources */,
				5C656BE125EE7B2E00EF896F /* Main.storyboard in Resources */,
				5C9CFD122618C7C100CCEF10 /* Lotti.json in Resources */,
				5CE57E1C25F51DDD004D9D04 /* SetBattery.xib in Resources */,
				5C97489625EFEE7F00C150B5 /* bell.mp3 in Resources */,
				5CEE564B262367C30065A524 /* batteryICONNew.png in Resources */,
				5C5572A42622F00C00E095F3 /* AlarmB.mp3 in Resources */,
			);
			runOnlyForDeploymentPostprocessing = 0;
		};
/* End PBXResourcesBuildPhase section */

/* Begin PBXShellScriptBuildPhase section */
		1AA47C49641BCB4155E765B7 /* [CP] Check Pods Manifest.lock */ = {
			isa = PBXShellScriptBuildPhase;
			buildActionMask = 2147483647;
			files = (
			);
			inputFileListPaths = (
			);
			inputPaths = (
				"${PODS_PODFILE_DIR_PATH}/Podfile.lock",
				"${PODS_ROOT}/Manifest.lock",
			);
			name = "[CP] Check Pods Manifest.lock";
			outputFileListPaths = (
			);
			outputPaths = (
				"$(DERIVED_FILE_DIR)/Pods-Full Battery Health-checkManifestLockResult.txt",
			);
			runOnlyForDeploymentPostprocessing = 0;
			shellPath = /bin/sh;
			shellScript = "diff \"${PODS_PODFILE_DIR_PATH}/Podfile.lock\" \"${PODS_ROOT}/Manifest.lock\" > /dev/null\nif [ $? != 0 ] ; then\n    # print error to STDERR\n    echo \"error: The sandbox is not in sync with the Podfile.lock. Run 'pod install' or update your CocoaPods installation.\" >&2\n    exit 1\nfi\n# This output is used by Xcode 'outputs' to avoid re-running this script phase.\necho \"SUCCESS\" > \"${SCRIPT_OUTPUT_FILE_0}\"\n";
			showEnvVarsInLog = 0;
		};
		ADECC4D0F67150D2FBD4CF0D /* [CP] Embed Pods Frameworks */ = {
			isa = PBXShellScriptBuildPhase;
			buildActionMask = 2147483647;
			files = (
			);
			inputFileListPaths = (
				"${PODS_ROOT}/Target Support Files/Pods-Full Battery Health/Pods-Full Battery Health-frameworks-${CONFIGURATION}-input-files.xcfilelist",
			);
			name = "[CP] Embed Pods Frameworks";
			outputFileListPaths = (
				"${PODS_ROOT}/Target Support Files/Pods-Full Battery Health/Pods-Full Battery Health-frameworks-${CONFIGURATION}-output-files.xcfilelist",
			);
			runOnlyForDeploymentPostprocessing = 0;
			shellPath = /bin/sh;
			shellScript = "\"${PODS_ROOT}/Target Support Files/Pods-Full Battery Health/Pods-Full Battery Health-frameworks.sh\"\n";
			showEnvVarsInLog = 0;
		};
/* End PBXShellScriptBuildPhase section */

/* Begin PBXSourcesBuildPhase section */
		5C46E5392629A6F2004B48ED /* Sources */ = {
			isa = PBXSourcesBuildPhase;
			buildActionMask = 2147483647;
			files = (
				5C46E5442629A6F3004B48ED /* StartWidget.swift in Sources */,
				5C41E5D3262CBB60001D82C7 /* StartWidget.intentdefinition in Sources */,
			);
			runOnlyForDeploymentPostprocessing = 0;
		};
		5C656BD225EE7B2E00EF896F /* Sources */ = {
			isa = PBXSourcesBuildPhase;
			buildActionMask = 2147483647;
			files = (
				5C153BE1260B3A31007B9E5D /* Ads.swift in Sources */,
				5C656BDE25EE7B2E00EF896F /* ViewController.swift in Sources */,
				B0FBE2AD2B220394007FC0C0 /* FindDuplicatesUsingThumbnail.swift in Sources */,
				5C005E8A262EC696004B4D99 /* Intents.intentdefinition in Sources */,
				B0FBE2AC2B220394007FC0C0 /* ImageManager.swift in Sources */,
				B0FBE2A12B2202D9007FC0C0 /* ScreenshotCollectionViewCell.swift in Sources */,
				5C0566C5261C4A6200798392 /* InAppVC.swift in Sources */,
				5CE57E2125F52A11004D9D04 /* MainCell2.swift in Sources */,
				5CFBCC9325F4F0BD002DB657 /* MainVC.swift in Sources */,
				B0FBE29D2B220265007FC0C0 /* DublicatesTableViewCell.swift in Sources */,
				B0FBE2A62B220321007FC0C0 /* Formatter.swift in Sources */,
				5C4183FC25FA3F0300FC4647 /* BatteryState.swift in Sources */,
				5CE57E1725F512CD004D9D04 /* Model.swift in Sources */,
				5CE57E1B25F51DDD004D9D04 /* SetBattery.swift in Sources */,
				B0FBE2982B21FE3F007FC0C0 /* DuplicatePhotosViewController.swift in Sources */,
				5C75C2C62616154C00808F40 /* batteryTest.swift in Sources */,
				B0FBE2AB2B220394007FC0C0 /* ImageObjectModel.swift in Sources */,
				B0FBE2A32B2202E0007FC0C0 /* DublicateCollectionViewCell.swift in Sources */,
				B0FBE2B32B220538007FC0C0 /* Array+chunked.swift in Sources */,
				5CE57E2C25F5375E004D9D04 /* MainCell5.swift in Sources */,
				5CE57E2525F5323C004D9D04 /* MainCell3.swift in Sources */,
				5C656BDA25EE7B2E00EF896F /* AppDelegate.swift in Sources */,
				5C2F117F25FE74F800B5541C /* BatteryStateCell.swift in Sources */,
				5CFBCC9625F4F374002DB657 /* MainCell.swift in Sources */,
				5CD9591726206BAC009E8B83 /* Api.swift in Sources */,
				5CE57E2925F53427004D9D04 /* MainCell4.swift in Sources */,
			);
			runOnlyForDeploymentPostprocessing = 0;
		};
/* End PBXSourcesBuildPhase section */

/* Begin PBXTargetDependency section */
		5C46E54C2629A6F3004B48ED /* PBXTargetDependency */ = {
			isa = PBXTargetDependency;
			target = 5C46E53C2629A6F2004B48ED /* StartWidgetExtension */;
			targetProxy = 5C46E54B2629A6F3004B48ED /* PBXContainerItemProxy */;
		};
/* End PBXTargetDependency section */

/* Begin PBXVariantGroup section */
		5C656BDF25EE7B2E00EF896F /* Main.storyboard */ = {
			isa = PBXVariantGroup;
			children = (
				5C656BE025EE7B2E00EF896F /* Base */,
			);
			name = Main.storyboard;
			sourceTree = "<group>";
		};
		5C656BE425EE7B3100EF896F /* LaunchScreen.storyboard */ = {
			isa = PBXVariantGroup;
			children = (
				5C656BE525EE7B3100EF896F /* Base */,
			);
			name = LaunchScreen.storyboard;
			sourceTree = "<group>";
		};
/* End PBXVariantGroup section */

/* Begin XCBuildConfiguration section */
		5C46E54F2629A6F3004B48ED /* Debug */ = {
			isa = XCBuildConfiguration;
			buildSettings = {
				ASSETCATALOG_COMPILER_GLOBAL_ACCENT_COLOR_NAME = AccentColor;
				ASSETCATALOG_COMPILER_WIDGET_BACKGROUND_COLOR_NAME = WidgetBackground;
				CODE_SIGN_ENTITLEMENTS = StartWidgetExtension.entitlements;
				CODE_SIGN_IDENTITY = "Apple Development";
				CODE_SIGN_STYLE = Automatic;
				CURRENT_PROJECT_VERSION = 19;
				DEVELOPMENT_TEAM = 959YZPX78D;
				INFOPLIST_FILE = StartWidget/Info.plist;
				IPHONEOS_DEPLOYMENT_TARGET = 14.2;
				LD_RUNPATH_SEARCH_PATHS = (
					"$(inherited)",
					"@executable_path/Frameworks",
					"@executable_path/../../Frameworks",
				);
				MARKETING_VERSION = 5;
				PRODUCT_BUNDLE_IDENTIFIER = "com.Full-Battery.Health.StartWidget";
				PRODUCT_NAME = "$(TARGET_NAME)";
				SKIP_INSTALL = YES;
				SWIFT_VERSION = 5.0;
				TARGETED_DEVICE_FAMILY = "1,2";
			};
			name = Debug;
		};
		5C46E5502629A6F3004B48ED /* Release */ = {
			isa = XCBuildConfiguration;
			buildSettings = {
				ASSETCATALOG_COMPILER_GLOBAL_ACCENT_COLOR_NAME = AccentColor;
				ASSETCATALOG_COMPILER_WIDGET_BACKGROUND_COLOR_NAME = WidgetBackground;
				CODE_SIGN_ENTITLEMENTS = StartWidgetExtension.entitlements;
				CODE_SIGN_IDENTITY = "Apple Development";
				CODE_SIGN_STYLE = Automatic;
				CURRENT_PROJECT_VERSION = 19;
				DEVELOPMENT_TEAM = 959YZPX78D;
				INFOPLIST_FILE = StartWidget/Info.plist;
				IPHONEOS_DEPLOYMENT_TARGET = 14.2;
				LD_RUNPATH_SEARCH_PATHS = (
					"$(inherited)",
					"@executable_path/Frameworks",
					"@executable_path/../../Frameworks",
				);
				MARKETING_VERSION = 5;
				PRODUCT_BUNDLE_IDENTIFIER = "com.Full-Battery.Health.StartWidget";
				PRODUCT_NAME = "$(TARGET_NAME)";
				SKIP_INSTALL = YES;
				SWIFT_VERSION = 5.0;
				TARGETED_DEVICE_FAMILY = "1,2";
			};
			name = Release;
		};
		5C656BE825EE7B3100EF896F /* Debug */ = {
			isa = XCBuildConfiguration;
			buildSettings = {
				ALWAYS_SEARCH_USER_PATHS = NO;
				CLANG_ANALYZER_NONNULL = YES;
				CLANG_ANALYZER_NUMBER_OBJECT_CONVERSION = YES_AGGRESSIVE;
				CLANG_CXX_LANGUAGE_STANDARD = "gnu++14";
				CLANG_CXX_LIBRARY = "libc++";
				CLANG_ENABLE_MODULES = YES;
				CLANG_ENABLE_OBJC_ARC = YES;
				CLANG_ENABLE_OBJC_WEAK = YES;
				CLANG_WARN_BLOCK_CAPTURE_AUTORELEASING = YES;
				CLANG_WARN_BOOL_CONVERSION = YES;
				CLANG_WARN_COMMA = YES;
				CLANG_WARN_CONSTANT_CONVERSION = YES;
				CLANG_WARN_DEPRECATED_OBJC_IMPLEMENTATIONS = YES;
				CLANG_WARN_DIRECT_OBJC_ISA_USAGE = YES_ERROR;
				CLANG_WARN_DOCUMENTATION_COMMENTS = YES;
				CLANG_WARN_EMPTY_BODY = YES;
				CLANG_WARN_ENUM_CONVERSION = YES;
				CLANG_WARN_INFINITE_RECURSION = YES;
				CLANG_WARN_INT_CONVERSION = YES;
				CLANG_WARN_NON_LITERAL_NULL_CONVERSION = YES;
				CLANG_WARN_OBJC_IMPLICIT_RETAIN_SELF = YES;
				CLANG_WARN_OBJC_LITERAL_CONVERSION = YES;
				CLANG_WARN_OBJC_ROOT_CLASS = YES_ERROR;
				CLANG_WARN_QUOTED_INCLUDE_IN_FRAMEWORK_HEADER = YES;
				CLANG_WARN_RANGE_LOOP_ANALYSIS = YES;
				CLANG_WARN_STRICT_PROTOTYPES = YES;
				CLANG_WARN_SUSPICIOUS_MOVE = YES;
				CLANG_WARN_UNGUARDED_AVAILABILITY = YES_AGGRESSIVE;
				CLANG_WARN_UNREACHABLE_CODE = YES;
				CLANG_WARN__DUPLICATE_METHOD_MATCH = YES;
				COPY_PHASE_STRIP = NO;
				DEBUG_INFORMATION_FORMAT = dwarf;
				ENABLE_STRICT_OBJC_MSGSEND = YES;
				ENABLE_TESTABILITY = YES;
				GCC_C_LANGUAGE_STANDARD = gnu11;
				GCC_DYNAMIC_NO_PIC = NO;
				GCC_NO_COMMON_BLOCKS = YES;
				GCC_OPTIMIZATION_LEVEL = 0;
				GCC_PREPROCESSOR_DEFINITIONS = (
					"DEBUG=1",
					"$(inherited)",
				);
				GCC_WARN_64_TO_32_BIT_CONVERSION = YES;
				GCC_WARN_ABOUT_RETURN_TYPE = YES_ERROR;
				GCC_WARN_UNDECLARED_SELECTOR = YES;
				GCC_WARN_UNINITIALIZED_AUTOS = YES_AGGRESSIVE;
				GCC_WARN_UNUSED_FUNCTION = YES;
				GCC_WARN_UNUSED_VARIABLE = YES;
				IPHONEOS_DEPLOYMENT_TARGET = 13.0;
				MTL_ENABLE_DEBUG_INFO = INCLUDE_SOURCE;
				MTL_FAST_MATH = YES;
				ONLY_ACTIVE_ARCH = YES;
				OTHER_LDFLAGS = "-ObjC";
				SDKROOT = iphoneos;
				SWIFT_ACTIVE_COMPILATION_CONDITIONS = DEBUG;
				SWIFT_OPTIMIZATION_LEVEL = "-Onone";
			};
			name = Debug;
		};
		5C656BE925EE7B3100EF896F /* Release */ = {
			isa = XCBuildConfiguration;
			buildSettings = {
				ALWAYS_SEARCH_USER_PATHS = NO;
				CLANG_ANALYZER_NONNULL = YES;
				CLANG_ANALYZER_NUMBER_OBJECT_CONVERSION = YES_AGGRESSIVE;
				CLANG_CXX_LANGUAGE_STANDARD = "gnu++14";
				CLANG_CXX_LIBRARY = "libc++";
				CLANG_ENABLE_MODULES = YES;
				CLANG_ENABLE_OBJC_ARC = YES;
				CLANG_ENABLE_OBJC_WEAK = YES;
				CLANG_WARN_BLOCK_CAPTURE_AUTORELEASING = YES;
				CLANG_WARN_BOOL_CONVERSION = YES;
				CLANG_WARN_COMMA = YES;
				CLANG_WARN_CONSTANT_CONVERSION = YES;
				CLANG_WARN_DEPRECATED_OBJC_IMPLEMENTATIONS = YES;
				CLANG_WARN_DIRECT_OBJC_ISA_USAGE = YES_ERROR;
				CLANG_WARN_DOCUMENTATION_COMMENTS = YES;
				CLANG_WARN_EMPTY_BODY = YES;
				CLANG_WARN_ENUM_CONVERSION = YES;
				CLANG_WARN_INFINITE_RECURSION = YES;
				CLANG_WARN_INT_CONVERSION = YES;
				CLANG_WARN_NON_LITERAL_NULL_CONVERSION = YES;
				CLANG_WARN_OBJC_IMPLICIT_RETAIN_SELF = YES;
				CLANG_WARN_OBJC_LITERAL_CONVERSION = YES;
				CLANG_WARN_OBJC_ROOT_CLASS = YES_ERROR;
				CLANG_WARN_QUOTED_INCLUDE_IN_FRAMEWORK_HEADER = YES;
				CLANG_WARN_RANGE_LOOP_ANALYSIS = YES;
				CLANG_WARN_STRICT_PROTOTYPES = YES;
				CLANG_WARN_SUSPICIOUS_MOVE = YES;
				CLANG_WARN_UNGUARDED_AVAILABILITY = YES_AGGRESSIVE;
				CLANG_WARN_UNREACHABLE_CODE = YES;
				CLANG_WARN__DUPLICATE_METHOD_MATCH = YES;
				COPY_PHASE_STRIP = NO;
				DEBUG_INFORMATION_FORMAT = "dwarf-with-dsym";
				ENABLE_NS_ASSERTIONS = NO;
				ENABLE_STRICT_OBJC_MSGSEND = YES;
				GCC_C_LANGUAGE_STANDARD = gnu11;
				GCC_NO_COMMON_BLOCKS = YES;
				GCC_WARN_64_TO_32_BIT_CONVERSION = YES;
				GCC_WARN_ABOUT_RETURN_TYPE = YES_ERROR;
				GCC_WARN_UNDECLARED_SELECTOR = YES;
				GCC_WARN_UNINITIALIZED_AUTOS = YES_AGGRESSIVE;
				GCC_WARN_UNUSED_FUNCTION = YES;
				GCC_WARN_UNUSED_VARIABLE = YES;
				IPHONEOS_DEPLOYMENT_TARGET = 13.0;
				MTL_ENABLE_DEBUG_INFO = NO;
				MTL_FAST_MATH = YES;
				OTHER_LDFLAGS = "-ObjC";
				SDKROOT = iphoneos;
				SWIFT_COMPILATION_MODE = wholemodule;
				SWIFT_OPTIMIZATION_LEVEL = "-O";
				VALIDATE_PRODUCT = YES;
			};
			name = Release;
		};
		5C656BEB25EE7B3100EF896F /* Debug */ = {
			isa = XCBuildConfiguration;
			baseConfigurationReference = 9121C540F6F818630BE6BF7D /* Pods-Full Battery Health.debug.xcconfig */;
			buildSettings = {
				ALWAYS_EMBED_SWIFT_STANDARD_LIBRARIES = YES;
				ASSETCATALOG_COMPILER_APPICON_NAME = AppIcon;
				ASSETCATALOG_COMPILER_GLOBAL_ACCENT_COLOR_NAME = AccentColor;
				CODE_SIGN_ENTITLEMENTS = "Full Battery Health.entitlements";
				CODE_SIGN_IDENTITY = "Apple Development";
				CODE_SIGN_STYLE = Automatic;
				CURRENT_PROJECT_VERSION = 30;
				DEVELOPMENT_TEAM = 959YZPX78D;
				INFOPLIST_FILE = "Full Battery Health +/Info.plist";
				INFOPLIST_KEY_LSApplicationCategoryType = "public.app-category.utilities";
				IPHONEOS_DEPLOYMENT_TARGET = 13.0;
				LD_RUNPATH_SEARCH_PATHS = (
					"$(inherited)",
					"@executable_path/Frameworks",
				);
				MARKETING_VERSION = 5.3;
				PRODUCT_BUNDLE_IDENTIFIER = "com.Full-Battery.Health";
				PRODUCT_NAME = "$(TARGET_NAME)";
				PROVISIONING_PROFILE_SPECIFIER = "";
				SWIFT_VERSION = 5.0;
				TARGETED_DEVICE_FAMILY = 1;
			};
			name = Debug;
		};
		5C656BEC25EE7B3100EF896F /* Release */ = {
			isa = XCBuildConfiguration;
			baseConfigurationReference = 9B470D66B49D76BC30226B88 /* Pods-Full Battery Health.release.xcconfig */;
			buildSettings = {
				ALWAYS_EMBED_SWIFT_STANDARD_LIBRARIES = YES;
				ASSETCATALOG_COMPILER_APPICON_NAME = AppIcon;
				ASSETCATALOG_COMPILER_GLOBAL_ACCENT_COLOR_NAME = AccentColor;
				CODE_SIGN_ENTITLEMENTS = "Full Battery Health.entitlements";
				CODE_SIGN_IDENTITY = "Apple Development";
				CODE_SIGN_STYLE = Automatic;
				CURRENT_PROJECT_VERSION = 30;
				DEVELOPMENT_TEAM = 959YZPX78D;
				INFOPLIST_FILE = "Full Battery Health +/Info.plist";
				INFOPLIST_KEY_LSApplicationCategoryType = "public.app-category.utilities";
				IPHONEOS_DEPLOYMENT_TARGET = 13.0;
				LD_RUNPATH_SEARCH_PATHS = (
					"$(inherited)",
					"@executable_path/Frameworks",
				);
				MARKETING_VERSION = 5.3;
				PRODUCT_BUNDLE_IDENTIFIER = "com.Full-Battery.Health";
				PRODUCT_NAME = "$(TARGET_NAME)";
				PROVISIONING_PROFILE_SPECIFIER = "";
				SWIFT_VERSION = 5.0;
				TARGETED_DEVICE_FAMILY = 1;
			};
			name = Release;
		};
/* End XCBuildConfiguration section */

/* Begin XCConfigurationList section */
		5C46E5512629A6F3004B48ED /* Build configuration list for PBXNativeTarget "StartWidgetExtension" */ = {
			isa = XCConfigurationList;
			buildConfigurations = (
				5C46E54F2629A6F3004B48ED /* Debug */,
				5C46E5502629A6F3004B48ED /* Release */,
			);
			defaultConfigurationIsVisible = 0;
			defaultConfigurationName = Release;
		};
		5C656BD125EE7B2E00EF896F /* Build configuration list for PBXProject "Full Battery Health" */ = {
			isa = XCConfigurationList;
			buildConfigurations = (
				5C656BE825EE7B3100EF896F /* Debug */,
				5C656BE925EE7B3100EF896F /* Release */,
			);
			defaultConfigurationIsVisible = 0;
			defaultConfigurationName = Release;
		};
		5C656BEA25EE7B3100EF896F /* Build configuration list for PBXNativeTarget "Full Battery Health" */ = {
			isa = XCConfigurationList;
			buildConfigurations = (
				5C656BEB25EE7B3100EF896F /* Debug */,
				5C656BEC25EE7B3100EF896F /* Release */,
			);
			defaultConfigurationIsVisible = 0;
			defaultConfigurationName = Release;
		};
/* End XCConfigurationList section */

/* Begin XCRemoteSwiftPackageReference section */
		B0F826E42B0D1354003771E2 /* XCRemoteSwiftPackageReference "Charts" */ = {
			isa = XCRemoteSwiftPackageReference;
			repositoryURL = "https://github.com/danielgindi/Charts";
			requirement = {
				kind = upToNextMajorVersion;
				minimumVersion = 4.0.3;
			};
		};
		B0FBE2932B1F3BE8007FC0C0 /* XCRemoteSwiftPackageReference "lottie-ios" */ = {
			isa = XCRemoteSwiftPackageReference;
			repositoryURL = "https://github.com/airbnb/lottie-ios";
			requirement = {
				kind = upToNextMajorVersion;
				minimumVersion = 4.3.4;
			};
		};
		B0FBE2AE2B220490007FC0C0 /* XCRemoteSwiftPackageReference "cocoaimagehashing" */ = {
			isa = XCRemoteSwiftPackageReference;
			repositoryURL = "https://github.com/ameingast/cocoaimagehashing.git";
			requirement = {
				kind = upToNextMajorVersion;
				minimumVersion = 1.9.0;
			};
		};
/* End XCRemoteSwiftPackageReference section */

/* Begin XCSwiftPackageProductDependency section */
		B0F826E52B0D1354003771E2 /* Charts */ = {
			isa = XCSwiftPackageProductDependency;
			package = B0F826E42B0D1354003771E2 /* XCRemoteSwiftPackageReference "Charts" */;
			productName = Charts;
		};
		B0FBE2942B1F3BE8007FC0C0 /* Lottie */ = {
			isa = XCSwiftPackageProductDependency;
			package = B0FBE2932B1F3BE8007FC0C0 /* XCRemoteSwiftPackageReference "lottie-ios" */;
			productName = Lottie;
		};
		B0FBE2AF2B220490007FC0C0 /* CocoaImageHashing */ = {
			isa = XCSwiftPackageProductDependency;
			package = B0FBE2AE2B220490007FC0C0 /* XCRemoteSwiftPackageReference "cocoaimagehashing" */;
			productName = CocoaImageHashing;
		};
/* End XCSwiftPackageProductDependency section */
	};
	rootObject = 5C656BCE25EE7B2E00EF896F /* Project object */;
}
