// !$*UTF8*$!
{
	archiveVersion = 1;
	classes = {
	};
	objectVersion = 54;
	objects = {

/* Begin PBXBuildFile section */
		5C005E8A262EC696004B4D99 /* Intents.intentdefinition in Sources */ = {isa = PBXBuildFile; fileRef = 5C005E89262EC696004B4D99 /* Intents.intentdefinition */; };
		5C0566C4261C4A6200798392 /* InAppVC.xib in Resources */ = {isa = PBXBuildFile; fileRef = 5C0566C2261C4A6200798392 /* InAppVC.xib */; };
		5C0566C5261C4A6200798392 /* InAppVC.swift in Sources */ = {isa = PBXBuildFile; fileRef = 5C0566C3261C4A6200798392 /* InAppVC.swift */; };
		5C153BE1260B3A31007B9E5D /* Ads.swift in Sources */ = {isa = PBXBuildFile; fileRef = 5C153BE0260B3A31007B9E5D /* Ads.swift */; };
		5C2F117F25FE74F800B5541C /* BatteryStateCell.swift in Sources */ = {isa = PBXBuildFile; fileRef = 5C2F117E25FE74F800B5541C /* BatteryStateCell.swift */; };
		5C4183FC25FA3F0300FC4647 /* BatteryState.swift in Sources */ = {isa = PBXBuildFile; fileRef = 5C4183FB25FA3F0300FC4647 /* BatteryState.swift */; };
		5C41E5D3262CBB60001D82C7 /* StartWidget.intentdefinition in Sources */ = {isa = PBXBuildFile; fileRef = 5C41E5D2262CBB60001D82C7 /* StartWidget.intentdefinition */; };
		5C46E53F2629A6F3004B48ED /* WidgetKit.framework in Frameworks */ = {isa = PBXBuildFile; fileRef = 5C46E53E2629A6F2004B48ED /* WidgetKit.framework */; };
		5C46E5412629A6F3004B48ED /* SwiftUI.framework in Frameworks */ = {isa = PBXBuildFile; fileRef = 5C46E5402629A6F3004B48ED /* SwiftUI.framework */; };
		5C46E5442629A6F3004B48ED /* StartWidget.swift in Sources */ = {isa = PBXBuildFile; fileRef = 5C46E5432629A6F3004B48ED /* StartWidget.swift */; };
		5C46E5472629A6F3004B48ED /* Assets.xcassets in Resources */ = {isa = PBXBuildFile; fileRef = 5C46E5462629A6F3004B48ED /* Assets.xcassets */; };
		5C46E54D2629A6F3004B48ED /* StartWidgetExtension.appex in Embed App Extensions */ = {isa = PBXBuildFile; fileRef = 5C46E53D2629A6F2004B48ED /* StartWidgetExtension.appex */; settings = {ATTRIBUTES = (RemoveHeadersOnCopy, ); }; };
		5C5572A42622F00C00E095F3 /* AlarmB.mp3 in Resources */ = {isa = PBXBuildFile; fileRef = 5C5572A32622F00C00E095F3 /* AlarmB.mp3 */; };
		5C656BDA25EE7B2E00EF896F /* AppDelegate.swift in Sources */ = {isa = PBXBuildFile; fileRef = 5C656BD925EE7B2E00EF896F /* AppDelegate.swift */; };
		5C656BDE25EE7B2E00EF896F /* ViewController.swift in Sources */ = {isa = PBXBuildFile; fileRef = 5C656BDD25EE7B2E00EF896F /* ViewController.swift */; };
		5C656BE125EE7B2E00EF896F /* Main.storyboard in Resources */ = {isa = PBXBuildFile; fileRef = 5C656BDF25EE7B2E00EF896F /* Main.storyboard */; };
		5C656BE325EE7B3100EF896F /* Assets.xcassets in Resources */ = {isa = PBXBuildFile; fileRef = 5C656BE225EE7B3100EF896F /* Assets.xcassets */; };
		5C656BE625EE7B3100EF896F /* LaunchScreen.storyboard in Resources */ = {isa = PBXBuildFile; fileRef = 5C656BE425EE7B3100EF896F /* LaunchScreen.storyboard */; };
		5C75C2C62616154C00808F40 /* batteryTest.swift in Sources */ = {isa = PBXBuildFile; fileRef = 5C75C2C52616154C00808F40 /* batteryTest.swift */; };
		5C97489625EFEE7F00C150B5 /* bell.mp3 in Resources */ = {isa = PBXBuildFile; fileRef = 5C97489525EFEE7F00C150B5 /* bell.mp3 */; };
		5C9CFD122618C7C100CCEF10 /* Lotti.json in Resources */ = {isa = PBXBuildFile; fileRef = 5C9CFD112618C7C100CCEF10 /* Lotti.json */; };
		5CB0D84725EF8C2E005634CF /* siren.mp3 in Resources */ = {isa = PBXBuildFile; fileRef = 5CB0D84425EF8C2E005634CF /* siren.mp3 */; };
		5CB0D84925EF8C2E005634CF /* melody.mp3 in Resources */ = {isa = PBXBuildFile; fileRef = 5CB0D84625EF8C2E005634CF /* melody.mp3 */; };
		5CD9591726206BAC009E8B83 /* Api.swift in Sources */ = {isa = PBXBuildFile; fileRef = 5CD9591626206BAC009E8B83 /* Api.swift */; };
		5CE57E1725F512CD004D9D04 /* Model.swift in Sources */ = {isa = PBXBuildFile; fileRef = 5CE57E1625F512CD004D9D04 /* Model.swift */; };
		5CE57E1B25F51DDD004D9D04 /* SetBattery.swift in Sources */ = {isa = PBXBuildFile; fileRef = 5CE57E1925F51DDD004D9D04 /* SetBattery.swift */; };
		5CE57E1C25F51DDD004D9D04 /* SetBattery.xib in Resources */ = {isa = PBXBuildFile; fileRef = 5CE57E1A25F51DDD004D9D04 /* SetBattery.xib */; };
		5CE57E2125F52A11004D9D04 /* MainCell2.swift in Sources */ = {isa = PBXBuildFile; fileRef = 5CE57E2025F52A11004D9D04 /* MainCell2.swift */; };
		5CE57E2525F5323C004D9D04 /* MainCell3.swift in Sources */ = {isa = PBXBuildFile; fileRef = 5CE57E2425F5323C004D9D04 /* MainCell3.swift */; };
		5CE57E2925F53427004D9D04 /* MainCell4.swift in Sources */ = {isa = PBXBuildFile; fileRef = 5CE57E2825F53427004D9D04 /* MainCell4.swift */; };
		5CE57E2C25F5375E004D9D04 /* MainCell5.swift in Sources */ = {isa = PBXBuildFile; fileRef = 5CE57E2B25F5375E004D9D04 /* MainCell5.swift */; };
		5CEE564B262367C30065A524 /* batteryICONNew.png in Resources */ = {isa = PBXBuildFile; fileRef = 5CEE564A262367C30065A524 /* batteryICONNew.png */; };
		5CFA586A262ADF9500636988 /* Assets.xcassets in Resources */ = {isa = PBXBuildFile; fileRef = 5C656BE225EE7B3100EF896F /* Assets.xcassets */; };
		5CFBCC9325F4F0BD002DB657 /* MainVC.swift in Sources */ = {isa = PBXBuildFile; fileRef = 5CFBCC9225F4F0BD002DB657 /* MainVC.swift */; };
		5CFBCC9625F4F374002DB657 /* MainCell.swift in Sources */ = {isa = PBXBuildFile; fileRef = 5CFBCC9525F4F374002DB657 /* MainCell.swift */; };
		B06780AE2B2DF3C9007FA572 /* VideosViewController.swift in Sources */ = {isa = PBXBuildFile; fileRef = B06780AD2B2DF3C9007FA572 /* VideosViewController.swift */; };
		B095A26B27244BAC007104AC /* pro.json in Resources */ = {isa = PBXBuildFile; fileRef = B095A26A27244BAC007104AC /* pro.json */; };
		B0ACC6AC2B279EB500F0FBC4 /* HardcodedDeviceData.m in Sources */ = {isa = PBXBuildFile; fileRef = B0ACC63D2B279EB500F0FBC4 /* HardcodedDeviceData.m */; };
		B0ACC6AD2B279EB500F0FBC4 /* DeviceSpecificUI.m in Sources */ = {isa = PBXBuildFile; fileRef = B0ACC6412B279EB500F0FBC4 /* DeviceSpecificUI.m */; };
		B0ACC6AE2B279EB500F0FBC4 /* GPUInfo.m in Sources */ = {isa = PBXBuildFile; fileRef = B0ACC6432B279EB500F0FBC4 /* GPUInfo.m */; };
		B0ACC6AF2B279EB500F0FBC4 /* GPUInfoController.m in Sources */ = {isa = PBXBuildFile; fileRef = B0ACC6462B279EB500F0FBC4 /* GPUInfoController.m */; };
		B0ACC6B02B279EB500F0FBC4 /* CPULoad.m in Sources */ = {isa = PBXBuildFile; fileRef = B0ACC64F2B279EB500F0FBC4 /* CPULoad.m */; };
		B0ACC6B12B279EB500F0FBC4 /* CPUInfoController.m in Sources */ = {isa = PBXBuildFile; fileRef = B0ACC6502B279EB500F0FBC4 /* CPUInfoController.m */; };
		B0ACC6B22B279EB500F0FBC4 /* CPULoadFilter.m in Sources */ = {isa = PBXBuildFile; fileRef = B0ACC6512B279EB500F0FBC4 /* CPULoadFilter.m */; };
		B0ACC6B32B279EB500F0FBC4 /* CPUInfo.m in Sources */ = {isa = PBXBuildFile; fileRef = B0ACC6522B279EB500F0FBC4 /* CPUInfo.m */; };
		B0ACC6B42B279EB500F0FBC4 /* ActiveConnection.m in Sources */ = {isa = PBXBuildFile; fileRef = B0ACC6562B279EB500F0FBC4 /* ActiveConnection.m */; };
		B0ACC6B52B279EB500F0FBC4 /* NetworkInfoController.m in Sources */ = {isa = PBXBuildFile; fileRef = B0ACC6572B279EB500F0FBC4 /* NetworkInfoController.m */; };
		B0ACC6B62B279EB500F0FBC4 /* NetworkInfo.m in Sources */ = {isa = PBXBuildFile; fileRef = B0ACC6582B279EB500F0FBC4 /* NetworkInfo.m */; };
		B0ACC6B72B279EB500F0FBC4 /* NetworkBandwidth.m in Sources */ = {isa = PBXBuildFile; fileRef = B0ACC6592B279EB500F0FBC4 /* NetworkBandwidth.m */; };
		B0ACC6B82B279EB500F0FBC4 /* SystemMonitor.m in Sources */ = {isa = PBXBuildFile; fileRef = B0ACC65F2B279EB500F0FBC4 /* SystemMonitor.m */; };
		B0ACC6B92B279EB500F0FBC4 /* libLumberjack.a in Frameworks */ = {isa = PBXBuildFile; fileRef = B0ACC6662B279EB500F0FBC4 /* libLumberjack.a */; };
		B0ACC6BA2B279EB500F0FBC4 /* StorageInfo.m in Sources */ = {isa = PBXBuildFile; fileRef = B0ACC6682B279EB500F0FBC4 /* StorageInfo.m */; };
		B0ACC6BB2B279EB500F0FBC4 /* StorageInfoController.m in Sources */ = {isa = PBXBuildFile; fileRef = B0ACC66B2B279EB500F0FBC4 /* StorageInfoController.m */; };
		B0ACC6BC2B279EB500F0FBC4 /* GLDataLine.m in Sources */ = {isa = PBXBuildFile; fileRef = B0ACC6702B279EB500F0FBC4 /* GLDataLine.m */; };
		B0ACC6BD2B279EB500F0FBC4 /* GLLineGraph.m in Sources */ = {isa = PBXBuildFile; fileRef = B0ACC6712B279EB500F0FBC4 /* GLLineGraph.m */; };
		B0ACC6BE2B279EB500F0FBC4 /* GLEffect.m in Sources */ = {isa = PBXBuildFile; fileRef = B0ACC6752B279EB500F0FBC4 /* GLEffect.m */; };
		B0ACC6BF2B279EB500F0FBC4 /* GLCommon.m in Sources */ = {isa = PBXBuildFile; fileRef = B0ACC6762B279EB500F0FBC4 /* GLCommon.m */; };
		B0ACC6C02B279EB500F0FBC4 /* GLBubbleEffect.vsh in Resources */ = {isa = PBXBuildFile; fileRef = B0ACC6792B279EB500F0FBC4 /* GLBubbleEffect.vsh */; };
		B0ACC6C12B279EB500F0FBC4 /* GLBubbleEffect.fsh in Resources */ = {isa = PBXBuildFile; fileRef = B0ACC67B2B279EB500F0FBC4 /* GLBubbleEffect.fsh */; };
		B0ACC6C22B279EB500F0FBC4 /* GLBubbleEffect.m in Sources */ = {isa = PBXBuildFile; fileRef = B0ACC67C2B279EB500F0FBC4 /* GLBubbleEffect.m */; };
		B0ACC6C32B279EB500F0FBC4 /* GLTube.m in Sources */ = {isa = PBXBuildFile; fileRef = B0ACC67E2B279EB500F0FBC4 /* GLTube.m */; };
		B0ACC6C42B279EB500F0FBC4 /* AMUtils.m in Sources */ = {isa = PBXBuildFile; fileRef = B0ACC67F2B279EB500F0FBC4 /* AMUtils.m */; };
		B0ACC6C52B279EB500F0FBC4 /* DeviceInfoController.m in Sources */ = {isa = PBXBuildFile; fileRef = B0ACC6832B279EB500F0FBC4 /* DeviceInfoController.m */; };
		B0ACC6C62B279EB500F0FBC4 /* DeviceInfo.m in Sources */ = {isa = PBXBuildFile; fileRef = B0ACC6842B279EB500F0FBC4 /* DeviceInfo.m */; };
		B0ACC6C72B279EB500F0FBC4 /* AMLogger.m in Sources */ = {isa = PBXBuildFile; fileRef = B0ACC6852B279EB500F0FBC4 /* AMLogger.m */; };
		B0ACC6C82B279EB500F0FBC4 /* BatteryInfo.m in Sources */ = {isa = PBXBuildFile; fileRef = B0ACC6892B279EB500F0FBC4 /* BatteryInfo.m */; };
		B0ACC6C92B279EB500F0FBC4 /* BatteryInfoController.m in Sources */ = {isa = PBXBuildFile; fileRef = B0ACC68A2B279EB500F0FBC4 /* BatteryInfoController.m */; };
		B0ACC6CA2B279EB500F0FBC4 /* RAMInfo.m in Sources */ = {isa = PBXBuildFile; fileRef = B0ACC68F2B279EB500F0FBC4 /* RAMInfo.m */; };
		B0ACC6CB2B279EB500F0FBC4 /* RAMUsage.m in Sources */ = {isa = PBXBuildFile; fileRef = B0ACC6902B279EB500F0FBC4 /* RAMUsage.m */; };
		B0ACC6CC2B279EB500F0FBC4 /* RAMInfoController.m in Sources */ = {isa = PBXBuildFile; fileRef = B0ACC6912B279EB500F0FBC4 /* RAMInfoController.m */; };
		B0ACC6CD2B279EB500F0FBC4 /* ProcessInfo.m in Sources */ = {isa = PBXBuildFile; fileRef = B0ACC6932B279EB500F0FBC4 /* ProcessInfo.m */; };
		B0ACC6CE2B279EB500F0FBC4 /* ProcessInfoController.m in Sources */ = {isa = PBXBuildFile; fileRef = B0ACC6942B279EB500F0FBC4 /* ProcessInfoController.m */; };
		B0ACC6CF2B279EB500F0FBC4 /* NSString+MD5Addition.m in Sources */ = {isa = PBXBuildFile; fileRef = B0ACC69A2B279EB500F0FBC4 /* NSString+MD5Addition.m */; };
		B0ACC6D02B279EB500F0FBC4 /* UIDevice+Resolutions.m in Sources */ = {isa = PBXBuildFile; fileRef = B0ACC69B2B279EB500F0FBC4 /* UIDevice+Resolutions.m */; };
		B0ACC6D12B279EB500F0FBC4 /* UIDevice+IdentifierAddition.m in Sources */ = {isa = PBXBuildFile; fileRef = B0ACC69D2B279EB500F0FBC4 /* UIDevice+IdentifierAddition.m */; };
		B0ACC6D22B279EB500F0FBC4 /* BonjourUtils.m in Sources */ = {isa = PBXBuildFile; fileRef = B0ACC6A02B279EB500F0FBC4 /* BonjourUtils.m */; };
		B0ACC6D32B279EB500F0FBC4 /* AirPlayUtils.m in Sources */ = {isa = PBXBuildFile; fileRef = B0ACC6A22B279EB500F0FBC4 /* AirPlayUtils.m */; };
		B0ACC6D42B279EB500F0FBC4 /* IPAddress.c in Sources */ = {isa = PBXBuildFile; fileRef = B0ACC6A52B279EB500F0FBC4 /* IPAddress.c */; };
		B0ACC6D52B279EB500F0FBC4 /* LocationUtils.m in Sources */ = {isa = PBXBuildFile; fileRef = B0ACC6A62B279EB500F0FBC4 /* LocationUtils.m */; };
		B0ACC6D62B279EB500F0FBC4 /* ALHardware.m in Sources */ = {isa = PBXBuildFile; fileRef = B0ACC6A72B279EB500F0FBC4 /* ALHardware.m */; };
		B0ACC6D72B279EB500F0FBC4 /* SystemUtilities.m in Sources */ = {isa = PBXBuildFile; fileRef = B0ACC6AA2B279EB500F0FBC4 /* SystemUtilities.m */; };
		B0ACC6D92B279F7800F0FBC4 /* CleanerViewController.swift in Sources */ = {isa = PBXBuildFile; fileRef = B0ACC6D82B279F7800F0FBC4 /* CleanerViewController.swift */; };
		B0ACC6DF2B28A98200F0FBC4 /* MultiProgressView in Frameworks */ = {isa = PBXBuildFile; productRef = B0ACC6DE2B28A98200F0FBC4 /* MultiProgressView */; };
		B0ACC6E12B29A1F800F0FBC4 /* ScreenshotsViewController.swift in Sources */ = {isa = PBXBuildFile; fileRef = B0ACC6E02B29A1F700F0FBC4 /* ScreenshotsViewController.swift */; };
		B0AE02F22B399CAB00AFF1D9 /* WelcomeFirst.swift in Sources */ = {isa = PBXBuildFile; fileRef = B0AE02F12B399CAB00AFF1D9 /* WelcomeFirst.swift */; };
		B0B109412B38661A00FF7350 /* Welcome.storyboard in Resources */ = {isa = PBXBuildFile; fileRef = B0B109402B38661A00FF7350 /* Welcome.storyboard */; };
		B0B109432B38821700FF7350 /* WelcomeEnd.swift in Sources */ = {isa = PBXBuildFile; fileRef = B0B109422B38821700FF7350 /* WelcomeEnd.swift */; };
		B0B109452B38939400FF7350 /* Apps15init.swift in Sources */ = {isa = PBXBuildFile; fileRef = B0B109442B38939300FF7350 /* Apps15init.swift */; };
		B0F826E62B0D1354003771E2 /* Charts in Frameworks */ = {isa = PBXBuildFile; productRef = B0F826E52B0D1354003771E2 /* Charts */; };
		B0FBE2952B1F3BE8007FC0C0 /* Lottie in Frameworks */ = {isa = PBXBuildFile; productRef = B0FBE2942B1F3BE8007FC0C0 /* Lottie */; };
		B0FBE2982B21FE3F007FC0C0 /* DuplicatePhotosViewController.swift in Sources */ = {isa = PBXBuildFile; fileRef = B0FBE2972B21FE3F007FC0C0 /* DuplicatePhotosViewController.swift */; };
		B0FBE29D2B220265007FC0C0 /* DublicatesTableViewCell.swift in Sources */ = {isa = PBXBuildFile; fileRef = B0FBE29C2B220265007FC0C0 /* DublicatesTableViewCell.swift */; };
		B0FBE2A12B2202D9007FC0C0 /* ScreenshotCollectionViewCell.swift in Sources */ = {isa = PBXBuildFile; fileRef = B0FBE2A02B2202D9007FC0C0 /* ScreenshotCollectionViewCell.swift */; };
		B0FBE2A32B2202E0007FC0C0 /* DublicateCollectionViewCell.swift in Sources */ = {isa = PBXBuildFile; fileRef = B0FBE2A22B2202DF007FC0C0 /* DublicateCollectionViewCell.swift */; };
		B0FBE2A62B220321007FC0C0 /* Formatter.swift in Sources */ = {isa = PBXBuildFile; fileRef = B0FBE2A52B220321007FC0C0 /* Formatter.swift */; };
		B0FBE2AB2B220394007FC0C0 /* ImageObjectModel.swift in Sources */ = {isa = PBXBuildFile; fileRef = B0FBE2A82B220393007FC0C0 /* ImageObjectModel.swift */; };
		B0FBE2AC2B220394007FC0C0 /* ImageManager.swift in Sources */ = {isa = PBXBuildFile; fileRef = B0FBE2A92B220393007FC0C0 /* ImageManager.swift */; };
		B0FBE2AD2B220394007FC0C0 /* FindDuplicatesUsingThumbnail.swift in Sources */ = {isa = PBXBuildFile; fileRef = B0FBE2AA2B220393007FC0C0 /* FindDuplicatesUsingThumbnail.swift */; };
		B0FBE2B02B220490007FC0C0 /* CocoaImageHashing in Frameworks */ = {isa = PBXBuildFile; productRef = B0FBE2AF2B220490007FC0C0 /* CocoaImageHashing */; };
		B0FBE2B32B220538007FC0C0 /* Array+chunked.swift in Sources */ = {isa = PBXBuildFile; fileRef = B0FBE2B22B220538007FC0C0 /* Array+chunked.swift */; };
		EC1AE90472CB244E50E53F11 /* Pods_Full_Battery_Health.framework in Frameworks */ = {isa = PBXBuildFile; fileRef = 8DB6ED6850AC81E78E497C9F /* Pods_Full_Battery_Health.framework */; };
/* End PBXBuildFile section */

/* Begin PBXContainerItemProxy section */
		5C46E54B2629A6F3004B48ED /* PBXContainerItemProxy */ = {
			isa = PBXContainerItemProxy;
			containerPortal = 5C656BCE25EE7B2E00EF896F /* Project object */;
			proxyType = 1;
			remoteGlobalIDString = 5C46E53C2629A6F2004B48ED;
			remoteInfo = StartWidgetExtension;
		};
/* End PBXContainerItemProxy section */

/* Begin PBXCopyFilesBuildPhase section */
		5C46E54E2629A6F3004B48ED /* Embed App Extensions */ = {
			isa = PBXCopyFilesBuildPhase;
			buildActionMask = 2147483647;
			dstPath = "";
			dstSubfolderSpec = 13;
			files = (
				5C46E54D2629A6F3004B48ED /* StartWidgetExtension.appex in Embed App Extensions */,
			);
			name = "Embed App Extensions";
			runOnlyForDeploymentPostprocessing = 0;
		};
/* End PBXCopyFilesBuildPhase section */

/* Begin PBXFileReference section */
		5C005E89262EC696004B4D99 /* Intents.intentdefinition */ = {isa = PBXFileReference; lastKnownFileType = file.intentdefinition; path = Intents.intentdefinition; sourceTree = "<group>"; };
		5C0566C2261C4A6200798392 /* InAppVC.xib */ = {isa = PBXFileReference; fileEncoding = 4; lastKnownFileType = file.xib; path = InAppVC.xib; sourceTree = "<group>"; };
		5C0566C3261C4A6200798392 /* InAppVC.swift */ = {isa = PBXFileReference; fileEncoding = 4; lastKnownFileType = sourcecode.swift; path = InAppVC.swift; sourceTree = "<group>"; };
		5C153BE0260B3A31007B9E5D /* Ads.swift */ = {isa = PBXFileReference; lastKnownFileType = sourcecode.swift; path = Ads.swift; sourceTree = "<group>"; };
		5C2F117E25FE74F800B5541C /* BatteryStateCell.swift */ = {isa = PBXFileReference; lastKnownFileType = sourcecode.swift; path = BatteryStateCell.swift; sourceTree = "<group>"; };
		5C4183FB25FA3F0300FC4647 /* BatteryState.swift */ = {isa = PBXFileReference; lastKnownFileType = sourcecode.swift; path = BatteryState.swift; sourceTree = "<group>"; };
		5C41E5D2262CBB60001D82C7 /* StartWidget.intentdefinition */ = {isa = PBXFileReference; fileEncoding = 4; lastKnownFileType = file.intentdefinition; path = StartWidget.intentdefinition; sourceTree = "<group>"; };
		5C46E53D2629A6F2004B48ED /* StartWidgetExtension.appex */ = {isa = PBXFileReference; explicitFileType = "wrapper.app-extension"; includeInIndex = 0; path = StartWidgetExtension.appex; sourceTree = BUILT_PRODUCTS_DIR; };
		5C46E53E2629A6F2004B48ED /* WidgetKit.framework */ = {isa = PBXFileReference; lastKnownFileType = wrapper.framework; name = WidgetKit.framework; path = System/Library/Frameworks/WidgetKit.framework; sourceTree = SDKROOT; };
		5C46E5402629A6F3004B48ED /* SwiftUI.framework */ = {isa = PBXFileReference; lastKnownFileType = wrapper.framework; name = SwiftUI.framework; path = System/Library/Frameworks/SwiftUI.framework; sourceTree = SDKROOT; };
		5C46E5432629A6F3004B48ED /* StartWidget.swift */ = {isa = PBXFileReference; lastKnownFileType = sourcecode.swift; path = StartWidget.swift; sourceTree = "<group>"; };
		5C46E5462629A6F3004B48ED /* Assets.xcassets */ = {isa = PBXFileReference; lastKnownFileType = folder.assetcatalog; path = Assets.xcassets; sourceTree = "<group>"; };
		5C46E5482629A6F3004B48ED /* Info.plist */ = {isa = PBXFileReference; lastKnownFileType = text.plist.xml; path = Info.plist; sourceTree = "<group>"; };
		5C5572A32622F00C00E095F3 /* AlarmB.mp3 */ = {isa = PBXFileReference; lastKnownFileType = audio.mp3; path = AlarmB.mp3; sourceTree = "<group>"; };
		5C5B6DAE261E2C4E006723AF /* Full Battery Health.entitlements */ = {isa = PBXFileReference; lastKnownFileType = text.plist.entitlements; path = "Full Battery Health.entitlements"; sourceTree = "<group>"; };
		5C656BD625EE7B2E00EF896F /* Full Battery Health.app */ = {isa = PBXFileReference; explicitFileType = wrapper.application; includeInIndex = 0; path = "Full Battery Health.app"; sourceTree = BUILT_PRODUCTS_DIR; };
		5C656BD925EE7B2E00EF896F /* AppDelegate.swift */ = {isa = PBXFileReference; lastKnownFileType = sourcecode.swift; path = AppDelegate.swift; sourceTree = "<group>"; };
		5C656BDD25EE7B2E00EF896F /* ViewController.swift */ = {isa = PBXFileReference; lastKnownFileType = sourcecode.swift; path = ViewController.swift; sourceTree = "<group>"; };
		5C656BE025EE7B2E00EF896F /* Base */ = {isa = PBXFileReference; lastKnownFileType = file.storyboard; name = Base; path = Base.lproj/Main.storyboard; sourceTree = "<group>"; };
		5C656BE225EE7B3100EF896F /* Assets.xcassets */ = {isa = PBXFileReference; lastKnownFileType = folder.assetcatalog; path = Assets.xcassets; sourceTree = "<group>"; };
		5C656BE525EE7B3100EF896F /* Base */ = {isa = PBXFileReference; lastKnownFileType = file.storyboard; name = Base; path = Base.lproj/LaunchScreen.storyboard; sourceTree = "<group>"; };
		5C656BE725EE7B3100EF896F /* Info.plist */ = {isa = PBXFileReference; lastKnownFileType = text.plist.xml; path = Info.plist; sourceTree = "<group>"; };
		5C75C2C52616154C00808F40 /* batteryTest.swift */ = {isa = PBXFileReference; lastKnownFileType = sourcecode.swift; path = batteryTest.swift; sourceTree = "<group>"; };
		5C97489525EFEE7F00C150B5 /* bell.mp3 */ = {isa = PBXFileReference; lastKnownFileType = audio.mp3; path = bell.mp3; sourceTree = "<group>"; };
		5C9CFD112618C7C100CCEF10 /* Lotti.json */ = {isa = PBXFileReference; fileEncoding = 4; lastKnownFileType = text.json; path = Lotti.json; sourceTree = "<group>"; };
		5CB0D84425EF8C2E005634CF /* siren.mp3 */ = {isa = PBXFileReference; lastKnownFileType = audio.mp3; path = siren.mp3; sourceTree = "<group>"; };
		5CB0D84625EF8C2E005634CF /* melody.mp3 */ = {isa = PBXFileReference; lastKnownFileType = audio.mp3; path = melody.mp3; sourceTree = "<group>"; };
		5CD9591626206BAC009E8B83 /* Api.swift */ = {isa = PBXFileReference; fileEncoding = 4; lastKnownFileType = sourcecode.swift; path = Api.swift; sourceTree = "<group>"; };
		5CE57E1625F512CD004D9D04 /* Model.swift */ = {isa = PBXFileReference; lastKnownFileType = sourcecode.swift; path = Model.swift; sourceTree = "<group>"; };
		5CE57E1925F51DDD004D9D04 /* SetBattery.swift */ = {isa = PBXFileReference; lastKnownFileType = sourcecode.swift; path = SetBattery.swift; sourceTree = "<group>"; };
		5CE57E1A25F51DDD004D9D04 /* SetBattery.xib */ = {isa = PBXFileReference; lastKnownFileType = file.xib; path = SetBattery.xib; sourceTree = "<group>"; };
		5CE57E2025F52A11004D9D04 /* MainCell2.swift */ = {isa = PBXFileReference; lastKnownFileType = sourcecode.swift; path = MainCell2.swift; sourceTree = "<group>"; };
		5CE57E2425F5323C004D9D04 /* MainCell3.swift */ = {isa = PBXFileReference; lastKnownFileType = sourcecode.swift; path = MainCell3.swift; sourceTree = "<group>"; };
		5CE57E2825F53427004D9D04 /* MainCell4.swift */ = {isa = PBXFileReference; lastKnownFileType = sourcecode.swift; path = MainCell4.swift; sourceTree = "<group>"; };
		5CE57E2B25F5375E004D9D04 /* MainCell5.swift */ = {isa = PBXFileReference; lastKnownFileType = sourcecode.swift; path = MainCell5.swift; sourceTree = "<group>"; };
		5CEE564A262367C30065A524 /* batteryICONNew.png */ = {isa = PBXFileReference; lastKnownFileType = image.png; path = batteryICONNew.png; sourceTree = "<group>"; };
		5CFA58672629EBFE00636988 /* StartWidgetExtension.entitlements */ = {isa = PBXFileReference; lastKnownFileType = text.plist.entitlements; path = StartWidgetExtension.entitlements; sourceTree = "<group>"; };
		5CFBCC9225F4F0BD002DB657 /* MainVC.swift */ = {isa = PBXFileReference; lastKnownFileType = sourcecode.swift; path = MainVC.swift; sourceTree = "<group>"; };
		5CFBCC9525F4F374002DB657 /* MainCell.swift */ = {isa = PBXFileReference; lastKnownFileType = sourcecode.swift; path = MainCell.swift; sourceTree = "<group>"; };
		8DB6ED6850AC81E78E497C9F /* Pods_Full_Battery_Health.framework */ = {isa = PBXFileReference; explicitFileType = wrapper.framework; includeInIndex = 0; path = Pods_Full_Battery_Health.framework; sourceTree = BUILT_PRODUCTS_DIR; };
		9AA9E670130ACA6F4B9686A1 /* Pods-Full Battery Health.debug.xcconfig */ = {isa = PBXFileReference; includeInIndex = 1; lastKnownFileType = text.xcconfig; name = "Pods-Full Battery Health.debug.xcconfig"; path = "Target Support Files/Pods-Full Battery Health/Pods-Full Battery Health.debug.xcconfig"; sourceTree = "<group>"; };
		B06780AD2B2DF3C9007FA572 /* VideosViewController.swift */ = {isa = PBXFileReference; fileEncoding = 4; lastKnownFileType = sourcecode.swift; path = VideosViewController.swift; sourceTree = "<group>"; };
		B095A26A27244BAC007104AC /* pro.json */ = {isa = PBXFileReference; fileEncoding = 4; lastKnownFileType = text.json; path = pro.json; sourceTree = "<group>"; };
		B0ACC63D2B279EB500F0FBC4 /* HardcodedDeviceData.m */ = {isa = PBXFileReference; fileEncoding = 4; lastKnownFileType = sourcecode.c.objc; path = HardcodedDeviceData.m; sourceTree = "<group>"; };
		B0ACC6402B279EB500F0FBC4 /* DeviceSpecificUI.h */ = {isa = PBXFileReference; fileEncoding = 4; lastKnownFileType = sourcecode.c.h; path = DeviceSpecificUI.h; sourceTree = "<group>"; };
		B0ACC6412B279EB500F0FBC4 /* DeviceSpecificUI.m */ = {isa = PBXFileReference; fileEncoding = 4; lastKnownFileType = sourcecode.c.objc; path = DeviceSpecificUI.m; sourceTree = "<group>"; };
		B0ACC6432B279EB500F0FBC4 /* GPUInfo.m */ = {isa = PBXFileReference; fileEncoding = 4; lastKnownFileType = sourcecode.c.objc; path = GPUInfo.m; sourceTree = "<group>"; };
		B0ACC6442B279EB500F0FBC4 /* GPUInfoController.h */ = {isa = PBXFileReference; fileEncoding = 4; lastKnownFileType = sourcecode.c.h; path = GPUInfoController.h; sourceTree = "<group>"; };
		B0ACC6452B279EB500F0FBC4 /* GPUInfo.h */ = {isa = PBXFileReference; fileEncoding = 4; lastKnownFileType = sourcecode.c.h; path = GPUInfo.h; sourceTree = "<group>"; };
		B0ACC6462B279EB500F0FBC4 /* GPUInfoController.m */ = {isa = PBXFileReference; fileEncoding = 4; lastKnownFileType = sourcecode.c.objc; path = GPUInfoController.m; sourceTree = "<group>"; };
		B0ACC6472B279EB500F0FBC4 /* AMUtils.h */ = {isa = PBXFileReference; fileEncoding = 4; lastKnownFileType = sourcecode.c.h; path = AMUtils.h; sourceTree = "<group>"; };
		B0ACC64C2B279EB500F0FBC4 /* CPULoadFilter.h */ = {isa = PBXFileReference; fileEncoding = 4; lastKnownFileType = sourcecode.c.h; path = CPULoadFilter.h; sourceTree = "<group>"; };
		B0ACC64D2B279EB500F0FBC4 /* CPUInfoController.h */ = {isa = PBXFileReference; fileEncoding = 4; lastKnownFileType = sourcecode.c.h; path = CPUInfoController.h; sourceTree = "<group>"; };
		B0ACC64E2B279EB500F0FBC4 /* CPUInfo.h */ = {isa = PBXFileReference; fileEncoding = 4; lastKnownFileType = sourcecode.c.h; path = CPUInfo.h; sourceTree = "<group>"; };
		B0ACC64F2B279EB500F0FBC4 /* CPULoad.m */ = {isa = PBXFileReference; fileEncoding = 4; lastKnownFileType = sourcecode.c.objc; path = CPULoad.m; sourceTree = "<group>"; };
		B0ACC6502B279EB500F0FBC4 /* CPUInfoController.m */ = {isa = PBXFileReference; fileEncoding = 4; lastKnownFileType = sourcecode.c.objc; path = CPUInfoController.m; sourceTree = "<group>"; };
		B0ACC6512B279EB500F0FBC4 /* CPULoadFilter.m */ = {isa = PBXFileReference; fileEncoding = 4; lastKnownFileType = sourcecode.c.objc; path = CPULoadFilter.m; sourceTree = "<group>"; };
		B0ACC6522B279EB500F0FBC4 /* CPUInfo.m */ = {isa = PBXFileReference; fileEncoding = 4; lastKnownFileType = sourcecode.c.objc; path = CPUInfo.m; sourceTree = "<group>"; };
		B0ACC6532B279EB500F0FBC4 /* CPULoad.h */ = {isa = PBXFileReference; fileEncoding = 4; lastKnownFileType = sourcecode.c.h; path = CPULoad.h; sourceTree = "<group>"; };
		B0ACC6552B279EB500F0FBC4 /* NetworkBandwidth.h */ = {isa = PBXFileReference; fileEncoding = 4; lastKnownFileType = sourcecode.c.h; path = NetworkBandwidth.h; sourceTree = "<group>"; };
		B0ACC6562B279EB500F0FBC4 /* ActiveConnection.m */ = {isa = PBXFileReference; fileEncoding = 4; lastKnownFileType = sourcecode.c.objc; path = ActiveConnection.m; sourceTree = "<group>"; };
		B0ACC6572B279EB500F0FBC4 /* NetworkInfoController.m */ = {isa = PBXFileReference; fileEncoding = 4; lastKnownFileType = sourcecode.c.objc; path = NetworkInfoController.m; sourceTree = "<group>"; };
		B0ACC6582B279EB500F0FBC4 /* NetworkInfo.m */ = {isa = PBXFileReference; fileEncoding = 4; lastKnownFileType = sourcecode.c.objc; path = NetworkInfo.m; sourceTree = "<group>"; };
		B0ACC6592B279EB500F0FBC4 /* NetworkBandwidth.m */ = {isa = PBXFileReference; fileEncoding = 4; lastKnownFileType = sourcecode.c.objc; path = NetworkBandwidth.m; sourceTree = "<group>"; };
		B0ACC65A2B279EB500F0FBC4 /* NetworkInfoController.h */ = {isa = PBXFileReference; fileEncoding = 4; lastKnownFileType = sourcecode.c.h; path = NetworkInfoController.h; sourceTree = "<group>"; };
		B0ACC65B2B279EB500F0FBC4 /* ActiveConnection.h */ = {isa = PBXFileReference; fileEncoding = 4; lastKnownFileType = sourcecode.c.h; path = ActiveConnection.h; sourceTree = "<group>"; };
		B0ACC65C2B279EB500F0FBC4 /* NetworkInfo.h */ = {isa = PBXFileReference; fileEncoding = 4; lastKnownFileType = sourcecode.c.h; path = NetworkInfo.h; sourceTree = "<group>"; };
		B0ACC65D2B279EB500F0FBC4 /* bsd_var.h */ = {isa = PBXFileReference; fileEncoding = 4; lastKnownFileType = sourcecode.c.h; path = bsd_var.h; sourceTree = "<group>"; };
		B0ACC65E2B279EB500F0FBC4 /* AMLogger.h */ = {isa = PBXFileReference; fileEncoding = 4; lastKnownFileType = sourcecode.c.h; path = AMLogger.h; sourceTree = "<group>"; };
		B0ACC65F2B279EB500F0FBC4 /* SystemMonitor.m */ = {isa = PBXFileReference; fileEncoding = 4; lastKnownFileType = sourcecode.c.objc; path = SystemMonitor.m; sourceTree = "<group>"; };
		B0ACC6622B279EB500F0FBC4 /* DDLog.h */ = {isa = PBXFileReference; fileEncoding = 4; lastKnownFileType = sourcecode.c.h; path = DDLog.h; sourceTree = "<group>"; };
		B0ACC6632B279EB500F0FBC4 /* DDFileLogger.h */ = {isa = PBXFileReference; fileEncoding = 4; lastKnownFileType = sourcecode.c.h; path = DDFileLogger.h; sourceTree = "<group>"; };
		B0ACC6642B279EB500F0FBC4 /* DDTTYLogger.h */ = {isa = PBXFileReference; fileEncoding = 4; lastKnownFileType = sourcecode.c.h; path = DDTTYLogger.h; sourceTree = "<group>"; };
		B0ACC6652B279EB500F0FBC4 /* DDASLLogger.h */ = {isa = PBXFileReference; fileEncoding = 4; lastKnownFileType = sourcecode.c.h; path = DDASLLogger.h; sourceTree = "<group>"; };
		B0ACC6662B279EB500F0FBC4 /* libLumberjack.a */ = {isa = PBXFileReference; lastKnownFileType = archive.ar; path = libLumberjack.a; sourceTree = "<group>"; };
		B0ACC6682B279EB500F0FBC4 /* StorageInfo.m */ = {isa = PBXFileReference; fileEncoding = 4; lastKnownFileType = sourcecode.c.objc; path = StorageInfo.m; sourceTree = "<group>"; };
		B0ACC6692B279EB500F0FBC4 /* StorageInfoController.h */ = {isa = PBXFileReference; fileEncoding = 4; lastKnownFileType = sourcecode.c.h; path = StorageInfoController.h; sourceTree = "<group>"; };
		B0ACC66A2B279EB500F0FBC4 /* StorageInfo.h */ = {isa = PBXFileReference; fileEncoding = 4; lastKnownFileType = sourcecode.c.h; path = StorageInfo.h; sourceTree = "<group>"; };
		B0ACC66B2B279EB500F0FBC4 /* StorageInfoController.m */ = {isa = PBXFileReference; fileEncoding = 4; lastKnownFileType = sourcecode.c.objc; path = StorageInfoController.m; sourceTree = "<group>"; };
		B0ACC66C2B279EB500F0FBC4 /* HardcodedDeviceData.h */ = {isa = PBXFileReference; fileEncoding = 4; lastKnownFileType = sourcecode.c.h; path = HardcodedDeviceData.h; sourceTree = "<group>"; };
		B0ACC66F2B279EB500F0FBC4 /* GLLineGraph.h */ = {isa = PBXFileReference; fileEncoding = 4; lastKnownFileType = sourcecode.c.h; path = GLLineGraph.h; sourceTree = "<group>"; };
		B0ACC6702B279EB500F0FBC4 /* GLDataLine.m */ = {isa = PBXFileReference; fileEncoding = 4; lastKnownFileType = sourcecode.c.objc; path = GLDataLine.m; sourceTree = "<group>"; };
		B0ACC6712B279EB500F0FBC4 /* GLLineGraph.m */ = {isa = PBXFileReference; fileEncoding = 4; lastKnownFileType = sourcecode.c.objc; path = GLLineGraph.m; sourceTree = "<group>"; };
		B0ACC6722B279EB500F0FBC4 /* GLDataLine.h */ = {isa = PBXFileReference; fileEncoding = 4; lastKnownFileType = sourcecode.c.h; path = GLDataLine.h; sourceTree = "<group>"; };
		B0ACC6732B279EB500F0FBC4 /* GLEffect.h */ = {isa = PBXFileReference; fileEncoding = 4; lastKnownFileType = sourcecode.c.h; path = GLEffect.h; sourceTree = "<group>"; };
		B0ACC6742B279EB500F0FBC4 /* GLCommon.h */ = {isa = PBXFileReference; fileEncoding = 4; lastKnownFileType = sourcecode.c.h; path = GLCommon.h; sourceTree = "<group>"; };
		B0ACC6752B279EB500F0FBC4 /* GLEffect.m */ = {isa = PBXFileReference; fileEncoding = 4; lastKnownFileType = sourcecode.c.objc; path = GLEffect.m; sourceTree = "<group>"; };
		B0ACC6762B279EB500F0FBC4 /* GLCommon.m */ = {isa = PBXFileReference; fileEncoding = 4; lastKnownFileType = sourcecode.c.objc; path = GLCommon.m; sourceTree = "<group>"; };
		B0ACC6792B279EB500F0FBC4 /* GLBubbleEffect.vsh */ = {isa = PBXFileReference; fileEncoding = 4; lastKnownFileType = sourcecode.glsl; path = GLBubbleEffect.vsh; sourceTree = "<group>"; };
		B0ACC67A2B279EB500F0FBC4 /* GLBubbleEffect.h */ = {isa = PBXFileReference; fileEncoding = 4; lastKnownFileType = sourcecode.c.h; path = GLBubbleEffect.h; sourceTree = "<group>"; };
		B0ACC67B2B279EB500F0FBC4 /* GLBubbleEffect.fsh */ = {isa = PBXFileReference; fileEncoding = 4; lastKnownFileType = sourcecode.glsl; path = GLBubbleEffect.fsh; sourceTree = "<group>"; };
		B0ACC67C2B279EB500F0FBC4 /* GLBubbleEffect.m */ = {isa = PBXFileReference; fileEncoding = 4; lastKnownFileType = sourcecode.c.objc; path = GLBubbleEffect.m; sourceTree = "<group>"; };
		B0ACC67D2B279EB500F0FBC4 /* GLTube.h */ = {isa = PBXFileReference; fileEncoding = 4; lastKnownFileType = sourcecode.c.h; path = GLTube.h; sourceTree = "<group>"; };
		B0ACC67E2B279EB500F0FBC4 /* GLTube.m */ = {isa = PBXFileReference; fileEncoding = 4; lastKnownFileType = sourcecode.c.objc; path = GLTube.m; sourceTree = "<group>"; };
		B0ACC67F2B279EB500F0FBC4 /* AMUtils.m */ = {isa = PBXFileReference; fileEncoding = 4; lastKnownFileType = sourcecode.c.objc; path = AMUtils.m; sourceTree = "<group>"; };
		B0ACC6812B279EB500F0FBC4 /* DeviceInfoController.h */ = {isa = PBXFileReference; fileEncoding = 4; lastKnownFileType = sourcecode.c.h; path = DeviceInfoController.h; sourceTree = "<group>"; };
		B0ACC6822B279EB500F0FBC4 /* DeviceInfo.h */ = {isa = PBXFileReference; fileEncoding = 4; lastKnownFileType = sourcecode.c.h; path = DeviceInfo.h; sourceTree = "<group>"; };
		B0ACC6832B279EB500F0FBC4 /* DeviceInfoController.m */ = {isa = PBXFileReference; fileEncoding = 4; lastKnownFileType = sourcecode.c.objc; path = DeviceInfoController.m; sourceTree = "<group>"; };
		B0ACC6842B279EB500F0FBC4 /* DeviceInfo.m */ = {isa = PBXFileReference; fileEncoding = 4; lastKnownFileType = sourcecode.c.objc; path = DeviceInfo.m; sourceTree = "<group>"; };
		B0ACC6852B279EB500F0FBC4 /* AMLogger.m */ = {isa = PBXFileReference; fileEncoding = 4; lastKnownFileType = sourcecode.c.objc; path = AMLogger.m; sourceTree = "<group>"; };
		B0ACC6872B279EB500F0FBC4 /* BatteryInfo.h */ = {isa = PBXFileReference; fileEncoding = 4; lastKnownFileType = sourcecode.c.h; path = BatteryInfo.h; sourceTree = "<group>"; };
		B0ACC6882B279EB500F0FBC4 /* BatteryInfoController.h */ = {isa = PBXFileReference; fileEncoding = 4; lastKnownFileType = sourcecode.c.h; path = BatteryInfoController.h; sourceTree = "<group>"; };
		B0ACC6892B279EB500F0FBC4 /* BatteryInfo.m */ = {isa = PBXFileReference; fileEncoding = 4; lastKnownFileType = sourcecode.c.objc; path = BatteryInfo.m; sourceTree = "<group>"; };
		B0ACC68A2B279EB500F0FBC4 /* BatteryInfoController.m */ = {isa = PBXFileReference; fileEncoding = 4; lastKnownFileType = sourcecode.c.objc; path = BatteryInfoController.m; sourceTree = "<group>"; };
		B0ACC68C2B279EB500F0FBC4 /* RAMUsage.h */ = {isa = PBXFileReference; fileEncoding = 4; lastKnownFileType = sourcecode.c.h; path = RAMUsage.h; sourceTree = "<group>"; };
		B0ACC68D2B279EB500F0FBC4 /* RAMInfo.h */ = {isa = PBXFileReference; fileEncoding = 4; lastKnownFileType = sourcecode.c.h; path = RAMInfo.h; sourceTree = "<group>"; };
		B0ACC68E2B279EB500F0FBC4 /* RAMInfoController.h */ = {isa = PBXFileReference; fileEncoding = 4; lastKnownFileType = sourcecode.c.h; path = RAMInfoController.h; sourceTree = "<group>"; };
		B0ACC68F2B279EB500F0FBC4 /* RAMInfo.m */ = {isa = PBXFileReference; fileEncoding = 4; lastKnownFileType = sourcecode.c.objc; path = RAMInfo.m; sourceTree = "<group>"; };
		B0ACC6902B279EB500F0FBC4 /* RAMUsage.m */ = {isa = PBXFileReference; fileEncoding = 4; lastKnownFileType = sourcecode.c.objc; path = RAMUsage.m; sourceTree = "<group>"; };
		B0ACC6912B279EB500F0FBC4 /* RAMInfoController.m */ = {isa = PBXFileReference; fileEncoding = 4; lastKnownFileType = sourcecode.c.objc; path = RAMInfoController.m; sourceTree = "<group>"; };
		B0ACC6932B279EB500F0FBC4 /* ProcessInfo.m */ = {isa = PBXFileReference; fileEncoding = 4; lastKnownFileType = sourcecode.c.objc; path = ProcessInfo.m; sourceTree = "<group>"; };
		B0ACC6942B279EB500F0FBC4 /* ProcessInfoController.m */ = {isa = PBXFileReference; fileEncoding = 4; lastKnownFileType = sourcecode.c.objc; path = ProcessInfoController.m; sourceTree = "<group>"; };
		B0ACC6952B279EB500F0FBC4 /* ProcessInfo.h */ = {isa = PBXFileReference; fileEncoding = 4; lastKnownFileType = sourcecode.c.h; path = ProcessInfo.h; sourceTree = "<group>"; };
		B0ACC6962B279EB500F0FBC4 /* ProcessInfoController.h */ = {isa = PBXFileReference; fileEncoding = 4; lastKnownFileType = sourcecode.c.h; path = ProcessInfoController.h; sourceTree = "<group>"; };
		B0ACC6972B279EB500F0FBC4 /* SystemMonitor.h */ = {isa = PBXFileReference; fileEncoding = 4; lastKnownFileType = sourcecode.c.h; path = SystemMonitor.h; sourceTree = "<group>"; };
		B0ACC69A2B279EB500F0FBC4 /* NSString+MD5Addition.m */ = {isa = PBXFileReference; fileEncoding = 4; lastKnownFileType = sourcecode.c.objc; path = "NSString+MD5Addition.m"; sourceTree = "<group>"; };
		B0ACC69B2B279EB500F0FBC4 /* UIDevice+Resolutions.m */ = {isa = PBXFileReference; fileEncoding = 4; lastKnownFileType = sourcecode.c.objc; path = "UIDevice+Resolutions.m"; sourceTree = "<group>"; };
		B0ACC69C2B279EB500F0FBC4 /* IPAddress.h */ = {isa = PBXFileReference; fileEncoding = 4; lastKnownFileType = sourcecode.c.h; path = IPAddress.h; sourceTree = "<group>"; };
		B0ACC69D2B279EB500F0FBC4 /* UIDevice+IdentifierAddition.m */ = {isa = PBXFileReference; fileEncoding = 4; lastKnownFileType = sourcecode.c.objc; path = "UIDevice+IdentifierAddition.m"; sourceTree = "<group>"; };
		B0ACC69E2B279EB500F0FBC4 /* ALHardware.h */ = {isa = PBXFileReference; fileEncoding = 4; lastKnownFileType = sourcecode.c.h; path = ALHardware.h; sourceTree = "<group>"; };
		B0ACC69F2B279EB500F0FBC4 /* LocationUtils.h */ = {isa = PBXFileReference; fileEncoding = 4; lastKnownFileType = sourcecode.c.h; path = LocationUtils.h; sourceTree = "<group>"; };
		B0ACC6A02B279EB500F0FBC4 /* BonjourUtils.m */ = {isa = PBXFileReference; fileEncoding = 4; lastKnownFileType = sourcecode.c.objc; path = BonjourUtils.m; sourceTree = "<group>"; };
		B0ACC6A12B279EB500F0FBC4 /* SystemUtilities.h */ = {isa = PBXFileReference; fileEncoding = 4; lastKnownFileType = sourcecode.c.h; path = SystemUtilities.h; sourceTree = "<group>"; };
		B0ACC6A22B279EB500F0FBC4 /* AirPlayUtils.m */ = {isa = PBXFileReference; fileEncoding = 4; lastKnownFileType = sourcecode.c.objc; path = AirPlayUtils.m; sourceTree = "<group>"; };
		B0ACC6A32B279EB500F0FBC4 /* UIDevice+Resolutions.h */ = {isa = PBXFileReference; fileEncoding = 4; lastKnownFileType = sourcecode.c.h; path = "UIDevice+Resolutions.h"; sourceTree = "<group>"; };
		B0ACC6A42B279EB500F0FBC4 /* NSString+MD5Addition.h */ = {isa = PBXFileReference; fileEncoding = 4; lastKnownFileType = sourcecode.c.h; path = "NSString+MD5Addition.h"; sourceTree = "<group>"; };
		B0ACC6A52B279EB500F0FBC4 /* IPAddress.c */ = {isa = PBXFileReference; fileEncoding = 4; lastKnownFileType = sourcecode.c.c; path = IPAddress.c; sourceTree = "<group>"; };
		B0ACC6A62B279EB500F0FBC4 /* LocationUtils.m */ = {isa = PBXFileReference; fileEncoding = 4; lastKnownFileType = sourcecode.c.objc; path = LocationUtils.m; sourceTree = "<group>"; };
		B0ACC6A72B279EB500F0FBC4 /* ALHardware.m */ = {isa = PBXFileReference; fileEncoding = 4; lastKnownFileType = sourcecode.c.objc; path = ALHardware.m; sourceTree = "<group>"; };
		B0ACC6A82B279EB500F0FBC4 /* UIDevice+IdentifierAddition.h */ = {isa = PBXFileReference; fileEncoding = 4; lastKnownFileType = sourcecode.c.h; path = "UIDevice+IdentifierAddition.h"; sourceTree = "<group>"; };
		B0ACC6A92B279EB500F0FBC4 /* AirPlayUtils.h */ = {isa = PBXFileReference; fileEncoding = 4; lastKnownFileType = sourcecode.c.h; path = AirPlayUtils.h; sourceTree = "<group>"; };
		B0ACC6AA2B279EB500F0FBC4 /* SystemUtilities.m */ = {isa = PBXFileReference; fileEncoding = 4; lastKnownFileType = sourcecode.c.objc; path = SystemUtilities.m; sourceTree = "<group>"; };
		B0ACC6AB2B279EB500F0FBC4 /* BonjourUtils.h */ = {isa = PBXFileReference; fileEncoding = 4; lastKnownFileType = sourcecode.c.h; path = BonjourUtils.h; sourceTree = "<group>"; };
		B0ACC6D82B279F7800F0FBC4 /* CleanerViewController.swift */ = {isa = PBXFileReference; lastKnownFileType = sourcecode.swift; path = CleanerViewController.swift; sourceTree = "<group>"; };
		B0ACC6DA2B27A05D00F0FBC4 /* Header.h */ = {isa = PBXFileReference; fileEncoding = 4; lastKnownFileType = sourcecode.c.h; path = Header.h; sourceTree = "<group>"; };
		B0ACC6E02B29A1F700F0FBC4 /* ScreenshotsViewController.swift */ = {isa = PBXFileReference; fileEncoding = 4; lastKnownFileType = sourcecode.swift; path = ScreenshotsViewController.swift; sourceTree = "<group>"; };
		B0AE02F12B399CAB00AFF1D9 /* WelcomeFirst.swift */ = {isa = PBXFileReference; lastKnownFileType = sourcecode.swift; path = WelcomeFirst.swift; sourceTree = "<group>"; };
		B0B109402B38661A00FF7350 /* Welcome.storyboard */ = {isa = PBXFileReference; lastKnownFileType = file.storyboard; path = Welcome.storyboard; sourceTree = "<group>"; };
		B0B109422B38821700FF7350 /* WelcomeEnd.swift */ = {isa = PBXFileReference; lastKnownFileType = sourcecode.swift; path = WelcomeEnd.swift; sourceTree = "<group>"; };
		B0B109442B38939300FF7350 /* Apps15init.swift */ = {isa = PBXFileReference; fileEncoding = 4; lastKnownFileType = sourcecode.swift; path = Apps15init.swift; sourceTree = "<group>"; };
		B0FBE2972B21FE3F007FC0C0 /* DuplicatePhotosViewController.swift */ = {isa = PBXFileReference; lastKnownFileType = sourcecode.swift; path = DuplicatePhotosViewController.swift; sourceTree = "<group>"; };
		B0FBE29C2B220265007FC0C0 /* DublicatesTableViewCell.swift */ = {isa = PBXFileReference; fileEncoding = 4; lastKnownFileType = sourcecode.swift; path = DublicatesTableViewCell.swift; sourceTree = "<group>"; };
		B0FBE2A02B2202D9007FC0C0 /* ScreenshotCollectionViewCell.swift */ = {isa = PBXFileReference; fileEncoding = 4; lastKnownFileType = sourcecode.swift; path = ScreenshotCollectionViewCell.swift; sourceTree = "<group>"; };
		B0FBE2A22B2202DF007FC0C0 /* DublicateCollectionViewCell.swift */ = {isa = PBXFileReference; fileEncoding = 4; lastKnownFileType = sourcecode.swift; path = DublicateCollectionViewCell.swift; sourceTree = "<group>"; };
		B0FBE2A52B220321007FC0C0 /* Formatter.swift */ = {isa = PBXFileReference; fileEncoding = 4; lastKnownFileType = sourcecode.swift; path = Formatter.swift; sourceTree = "<group>"; };
		B0FBE2A82B220393007FC0C0 /* ImageObjectModel.swift */ = {isa = PBXFileReference; fileEncoding = 4; lastKnownFileType = sourcecode.swift; path = ImageObjectModel.swift; sourceTree = "<group>"; };
		B0FBE2A92B220393007FC0C0 /* ImageManager.swift */ = {isa = PBXFileReference; fileEncoding = 4; lastKnownFileType = sourcecode.swift; path = ImageManager.swift; sourceTree = "<group>"; };
		B0FBE2AA2B220393007FC0C0 /* FindDuplicatesUsingThumbnail.swift */ = {isa = PBXFileReference; fileEncoding = 4; lastKnownFileType = sourcecode.swift; path = FindDuplicatesUsingThumbnail.swift; sourceTree = "<group>"; };
		B0FBE2B22B220538007FC0C0 /* Array+chunked.swift */ = {isa = PBXFileReference; fileEncoding = 4; lastKnownFileType = sourcecode.swift; path = "Array+chunked.swift"; sourceTree = "<group>"; };
		E60D2D8DB2A97C803C6F387B /* Pods-Full Battery Health.release.xcconfig */ = {isa = PBXFileReference; includeInIndex = 1; lastKnownFileType = text.xcconfig; name = "Pods-Full Battery Health.release.xcconfig"; path = "Target Support Files/Pods-Full Battery Health/Pods-Full Battery Health.release.xcconfig"; sourceTree = "<group>"; };
/* End PBXFileReference section */

/* Begin PBXFrameworksBuildPhase section */
		5C46E53A2629A6F2004B48ED /* Frameworks */ = {
			isa = PBXFrameworksBuildPhase;
			buildActionMask = 2147483647;
			files = (
				5C46E5412629A6F3004B48ED /* SwiftUI.framework in Frameworks */,
				5C46E53F2629A6F3004B48ED /* WidgetKit.framework in Frameworks */,
			);
			runOnlyForDeploymentPostprocessing = 0;
		};
		5C656BD325EE7B2E00EF896F /* Frameworks */ = {
			isa = PBXFrameworksBuildPhase;
			buildActionMask = 2147483647;
			files = (
				B0ACC6DF2B28A98200F0FBC4 /* MultiProgressView in Frameworks */,
				B0F826E62B0D1354003771E2 /* Charts in Frameworks */,
				B0FBE2952B1F3BE8007FC0C0 /* Lottie in Frameworks */,
				B0ACC6B92B279EB500F0FBC4 /* libLumberjack.a in Frameworks */,
				B0FBE2B02B220490007FC0C0 /* CocoaImageHashing in Frameworks */,
				EC1AE90472CB244E50E53F11 /* Pods_Full_Battery_Health.framework in Frameworks */,
			);
			runOnlyForDeploymentPostprocessing = 0;
		};
/* End PBXFrameworksBuildPhase section */

/* Begin PBXGroup section */
		5C0566C7261C4A7300798392 /* VC */ = {
			isa = PBXGroup;
			children = (
				5CFBCC9225F4F0BD002DB657 /* MainVC.swift */,
				5C656BDD25EE7B2E00EF896F /* ViewController.swift */,
				5C4183FB25FA3F0300FC4647 /* BatteryState.swift */,
				5C0566C3261C4A6200798392 /* InAppVC.swift */,
				5C0566C2261C4A6200798392 /* InAppVC.xib */,
				5C75C2C52616154C00808F40 /* batteryTest.swift */,
				B0B109422B38821700FF7350 /* WelcomeEnd.swift */,
				B0AE02F12B399CAB00AFF1D9 /* WelcomeFirst.swift */,
			);
			path = VC;
			sourceTree = "<group>";
		};
		5C46E5422629A6F3004B48ED /* StartWidget */ = {
			isa = PBXGroup;
			children = (
				5C41E5D2262CBB60001D82C7 /* StartWidget.intentdefinition */,
				5C46E5432629A6F3004B48ED /* StartWidget.swift */,
				5C46E5462629A6F3004B48ED /* Assets.xcassets */,
				5C46E5482629A6F3004B48ED /* Info.plist */,
			);
			path = StartWidget;
			sourceTree = "<group>";
		};
		5C656BCD25EE7B2E00EF896F = {
			isa = PBXGroup;
			children = (
				5CFA58672629EBFE00636988 /* StartWidgetExtension.entitlements */,
				5C5B6DAE261E2C4E006723AF /* Full Battery Health.entitlements */,
				5C656BD825EE7B2E00EF896F /* Full Battery Health + */,
				5C46E5422629A6F3004B48ED /* StartWidget */,
				5C656BD725EE7B2E00EF896F /* Products */,
				EC67C4984A190C40D2427297 /* Pods */,
				D6D6C19C844C3F41108C3B3F /* Frameworks */,
			);
			sourceTree = "<group>";
		};
		5C656BD725EE7B2E00EF896F /* Products */ = {
			isa = PBXGroup;
			children = (
				5C656BD625EE7B2E00EF896F /* Full Battery Health.app */,
				5C46E53D2629A6F2004B48ED /* StartWidgetExtension.appex */,
			);
			name = Products;
			sourceTree = "<group>";
		};
		5C656BD825EE7B2E00EF896F /* Full Battery Health + */ = {
			isa = PBXGroup;
			children = (
				B0FBE2962B21FD72007FC0C0 /* Cleaner */,
				5C0566C7261C4A7300798392 /* VC */,
				5CE57E2325F5318F004D9D04 /* Cells */,
				5C656BD925EE7B2E00EF896F /* AppDelegate.swift */,
				5C656BDF25EE7B2E00EF896F /* Main.storyboard */,
				B0B109402B38661A00FF7350 /* Welcome.storyboard */,
				B0ACC6DA2B27A05D00F0FBC4 /* Header.h */,
				5CD9591626206BAC009E8B83 /* Api.swift */,
				5CE57E1625F512CD004D9D04 /* Model.swift */,
				5C656BE225EE7B3100EF896F /* Assets.xcassets */,
				5C5572A32622F00C00E095F3 /* AlarmB.mp3 */,
				5C97489525EFEE7F00C150B5 /* bell.mp3 */,
				5CB0D84625EF8C2E005634CF /* melody.mp3 */,
				5CB0D84425EF8C2E005634CF /* siren.mp3 */,
				5C656BE725EE7B3100EF896F /* Info.plist */,
				5C153BE0260B3A31007B9E5D /* Ads.swift */,
				5C656BE425EE7B3100EF896F /* LaunchScreen.storyboard */,
				B095A26A27244BAC007104AC /* pro.json */,
				5C9CFD112618C7C100CCEF10 /* Lotti.json */,
				B0B109442B38939300FF7350 /* Apps15init.swift */,
				5CEE564A262367C30065A524 /* batteryICONNew.png */,
				5C005E89262EC696004B4D99 /* Intents.intentdefinition */,
			);
			path = "Full Battery Health +";
			sourceTree = "<group>";
		};
		5CE57E2325F5318F004D9D04 /* Cells */ = {
			isa = PBXGroup;
			children = (
				5CE57E1A25F51DDD004D9D04 /* SetBattery.xib */,
				5CE57E1925F51DDD004D9D04 /* SetBattery.swift */,
				5CFBCC9525F4F374002DB657 /* MainCell.swift */,
				5CE57E2025F52A11004D9D04 /* MainCell2.swift */,
				5CE57E2425F5323C004D9D04 /* MainCell3.swift */,
				5CE57E2825F53427004D9D04 /* MainCell4.swift */,
				5CE57E2B25F5375E004D9D04 /* MainCell5.swift */,
				5C2F117E25FE74F800B5541C /* BatteryStateCell.swift */,
			);
			path = Cells;
			sourceTree = "<group>";
		};
		B0ACC63B2B279EA200F0FBC4 /* System */ = {
			isa = PBXGroup;
			children = (
				B0ACC63C2B279EB500F0FBC4 /* SystemMonitor */,
				B0ACC6982B279EB500F0FBC4 /* SystemUtilities */,
				B0ACC6992B279EB500F0FBC4 /* SystemUtility */,
			);
			path = System;
			sourceTree = "<group>";
		};
		B0ACC63C2B279EB500F0FBC4 /* SystemMonitor */ = {
			isa = PBXGroup;
			children = (
				B0ACC63D2B279EB500F0FBC4 /* HardcodedDeviceData.m */,
				B0ACC63E2B279EB500F0FBC4 /* UI */,
				B0ACC6422B279EB500F0FBC4 /* GPU */,
				B0ACC6472B279EB500F0FBC4 /* AMUtils.h */,
				B0ACC6482B279EB500F0FBC4 /* HockeySDK */,
				B0ACC64B2B279EB500F0FBC4 /* CPU */,
				B0ACC6542B279EB500F0FBC4 /* Network */,
				B0ACC65E2B279EB500F0FBC4 /* AMLogger.h */,
				B0ACC65F2B279EB500F0FBC4 /* SystemMonitor.m */,
				B0ACC6602B279EB500F0FBC4 /* Lumberjack */,
				B0ACC6672B279EB500F0FBC4 /* Storage */,
				B0ACC66C2B279EB500F0FBC4 /* HardcodedDeviceData.h */,
				B0ACC66D2B279EB500F0FBC4 /* GL */,
				B0ACC67F2B279EB500F0FBC4 /* AMUtils.m */,
				B0ACC6802B279EB500F0FBC4 /* Device */,
				B0ACC6852B279EB500F0FBC4 /* AMLogger.m */,
				B0ACC6862B279EB500F0FBC4 /* Battery */,
				B0ACC68B2B279EB500F0FBC4 /* RAM */,
				B0ACC6922B279EB500F0FBC4 /* Process */,
				B0ACC6972B279EB500F0FBC4 /* SystemMonitor.h */,
			);
			path = SystemMonitor;
			sourceTree = "<group>";
		};
		B0ACC63E2B279EB500F0FBC4 /* UI */ = {
			isa = PBXGroup;
			children = (
				B0ACC63F2B279EB500F0FBC4 /* DeviceSpecificUI */,
			);
			path = UI;
			sourceTree = "<group>";
		};
		B0ACC63F2B279EB500F0FBC4 /* DeviceSpecificUI */ = {
			isa = PBXGroup;
			children = (
				B0ACC6402B279EB500F0FBC4 /* DeviceSpecificUI.h */,
				B0ACC6412B279EB500F0FBC4 /* DeviceSpecificUI.m */,
			);
			path = DeviceSpecificUI;
			sourceTree = "<group>";
		};
		B0ACC6422B279EB500F0FBC4 /* GPU */ = {
			isa = PBXGroup;
			children = (
				B0ACC6432B279EB500F0FBC4 /* GPUInfo.m */,
				B0ACC6442B279EB500F0FBC4 /* GPUInfoController.h */,
				B0ACC6452B279EB500F0FBC4 /* GPUInfo.h */,
				B0ACC6462B279EB500F0FBC4 /* GPUInfoController.m */,
			);
			path = GPU;
			sourceTree = "<group>";
		};
		B0ACC6482B279EB500F0FBC4 /* HockeySDK */ = {
			isa = PBXGroup;
			children = (
				B0ACC6492B279EB500F0FBC4 /* HockeySDK.embeddedframework */,
			);
			path = HockeySDK;
			sourceTree = "<group>";
		};
		B0ACC6492B279EB500F0FBC4 /* HockeySDK.embeddedframework */ = {
			isa = PBXGroup;
			children = (
				B0ACC64A2B279EB500F0FBC4 /* Resources */,
			);
			path = HockeySDK.embeddedframework;
			sourceTree = "<group>";
		};
		B0ACC64A2B279EB500F0FBC4 /* Resources */ = {
			isa = PBXGroup;
			children = (
			);
			path = Resources;
			sourceTree = "<group>";
		};
		B0ACC64B2B279EB500F0FBC4 /* CPU */ = {
			isa = PBXGroup;
			children = (
				B0ACC64C2B279EB500F0FBC4 /* CPULoadFilter.h */,
				B0ACC64D2B279EB500F0FBC4 /* CPUInfoController.h */,
				B0ACC64E2B279EB500F0FBC4 /* CPUInfo.h */,
				B0ACC64F2B279EB500F0FBC4 /* CPULoad.m */,
				B0ACC6502B279EB500F0FBC4 /* CPUInfoController.m */,
				B0ACC6512B279EB500F0FBC4 /* CPULoadFilter.m */,
				B0ACC6522B279EB500F0FBC4 /* CPUInfo.m */,
				B0ACC6532B279EB500F0FBC4 /* CPULoad.h */,
			);
			path = CPU;
			sourceTree = "<group>";
		};
		B0ACC6542B279EB500F0FBC4 /* Network */ = {
			isa = PBXGroup;
			children = (
				B0ACC6552B279EB500F0FBC4 /* NetworkBandwidth.h */,
				B0ACC6562B279EB500F0FBC4 /* ActiveConnection.m */,
				B0ACC6572B279EB500F0FBC4 /* NetworkInfoController.m */,
				B0ACC6582B279EB500F0FBC4 /* NetworkInfo.m */,
				B0ACC6592B279EB500F0FBC4 /* NetworkBandwidth.m */,
				B0ACC65A2B279EB500F0FBC4 /* NetworkInfoController.h */,
				B0ACC65B2B279EB500F0FBC4 /* ActiveConnection.h */,
				B0ACC65C2B279EB500F0FBC4 /* NetworkInfo.h */,
				B0ACC65D2B279EB500F0FBC4 /* bsd_var.h */,
			);
			path = Network;
			sourceTree = "<group>";
		};
		B0ACC6602B279EB500F0FBC4 /* Lumberjack */ = {
			isa = PBXGroup;
			children = (
				B0ACC6612B279EB500F0FBC4 /* include */,
				B0ACC6662B279EB500F0FBC4 /* libLumberjack.a */,
			);
			path = Lumberjack;
			sourceTree = "<group>";
		};
		B0ACC6612B279EB500F0FBC4 /* include */ = {
			isa = PBXGroup;
			children = (
				B0ACC6622B279EB500F0FBC4 /* DDLog.h */,
				B0ACC6632B279EB500F0FBC4 /* DDFileLogger.h */,
				B0ACC6642B279EB500F0FBC4 /* DDTTYLogger.h */,
				B0ACC6652B279EB500F0FBC4 /* DDASLLogger.h */,
			);
			path = include;
			sourceTree = "<group>";
		};
		B0ACC6672B279EB500F0FBC4 /* Storage */ = {
			isa = PBXGroup;
			children = (
				B0ACC6682B279EB500F0FBC4 /* StorageInfo.m */,
				B0ACC6692B279EB500F0FBC4 /* StorageInfoController.h */,
				B0ACC66A2B279EB500F0FBC4 /* StorageInfo.h */,
				B0ACC66B2B279EB500F0FBC4 /* StorageInfoController.m */,
			);
			path = Storage;
			sourceTree = "<group>";
		};
		B0ACC66D2B279EB500F0FBC4 /* GL */ = {
			isa = PBXGroup;
			children = (
				B0ACC66E2B279EB500F0FBC4 /* GLGraph */,
				B0ACC6732B279EB500F0FBC4 /* GLEffect.h */,
				B0ACC6742B279EB500F0FBC4 /* GLCommon.h */,
				B0ACC6752B279EB500F0FBC4 /* GLEffect.m */,
				B0ACC6762B279EB500F0FBC4 /* GLCommon.m */,
				B0ACC6772B279EB500F0FBC4 /* GLTube */,
			);
			path = GL;
			sourceTree = "<group>";
		};
		B0ACC66E2B279EB500F0FBC4 /* GLGraph */ = {
			isa = PBXGroup;
			children = (
				B0ACC66F2B279EB500F0FBC4 /* GLLineGraph.h */,
				B0ACC6702B279EB500F0FBC4 /* GLDataLine.m */,
				B0ACC6712B279EB500F0FBC4 /* GLLineGraph.m */,
				B0ACC6722B279EB500F0FBC4 /* GLDataLine.h */,
			);
			path = GLGraph;
			sourceTree = "<group>";
		};
		B0ACC6772B279EB500F0FBC4 /* GLTube */ = {
			isa = PBXGroup;
			children = (
				B0ACC6782B279EB500F0FBC4 /* BubbleEffect */,
				B0ACC67D2B279EB500F0FBC4 /* GLTube.h */,
				B0ACC67E2B279EB500F0FBC4 /* GLTube.m */,
			);
			path = GLTube;
			sourceTree = "<group>";
		};
		B0ACC6782B279EB500F0FBC4 /* BubbleEffect */ = {
			isa = PBXGroup;
			children = (
				B0ACC6792B279EB500F0FBC4 /* GLBubbleEffect.vsh */,
				B0ACC67A2B279EB500F0FBC4 /* GLBubbleEffect.h */,
				B0ACC67B2B279EB500F0FBC4 /* GLBubbleEffect.fsh */,
				B0ACC67C2B279EB500F0FBC4 /* GLBubbleEffect.m */,
			);
			path = BubbleEffect;
			sourceTree = "<group>";
		};
		B0ACC6802B279EB500F0FBC4 /* Device */ = {
			isa = PBXGroup;
			children = (
				B0ACC6812B279EB500F0FBC4 /* DeviceInfoController.h */,
				B0ACC6822B279EB500F0FBC4 /* DeviceInfo.h */,
				B0ACC6832B279EB500F0FBC4 /* DeviceInfoController.m */,
				B0ACC6842B279EB500F0FBC4 /* DeviceInfo.m */,
			);
			path = Device;
			sourceTree = "<group>";
		};
		B0ACC6862B279EB500F0FBC4 /* Battery */ = {
			isa = PBXGroup;
			children = (
				B0ACC6872B279EB500F0FBC4 /* BatteryInfo.h */,
				B0ACC6882B279EB500F0FBC4 /* BatteryInfoController.h */,
				B0ACC6892B279EB500F0FBC4 /* BatteryInfo.m */,
				B0ACC68A2B279EB500F0FBC4 /* BatteryInfoController.m */,
			);
			path = Battery;
			sourceTree = "<group>";
		};
		B0ACC68B2B279EB500F0FBC4 /* RAM */ = {
			isa = PBXGroup;
			children = (
				B0ACC68C2B279EB500F0FBC4 /* RAMUsage.h */,
				B0ACC68D2B279EB500F0FBC4 /* RAMInfo.h */,
				B0ACC68E2B279EB500F0FBC4 /* RAMInfoController.h */,
				B0ACC68F2B279EB500F0FBC4 /* RAMInfo.m */,
				B0ACC6902B279EB500F0FBC4 /* RAMUsage.m */,
				B0ACC6912B279EB500F0FBC4 /* RAMInfoController.m */,
			);
			path = RAM;
			sourceTree = "<group>";
		};
		B0ACC6922B279EB500F0FBC4 /* Process */ = {
			isa = PBXGroup;
			children = (
				B0ACC6932B279EB500F0FBC4 /* ProcessInfo.m */,
				B0ACC6942B279EB500F0FBC4 /* ProcessInfoController.m */,
				B0ACC6952B279EB500F0FBC4 /* ProcessInfo.h */,
				B0ACC6962B279EB500F0FBC4 /* ProcessInfoController.h */,
			);
			path = Process;
			sourceTree = "<group>";
		};
		B0ACC6982B279EB500F0FBC4 /* SystemUtilities */ = {
			isa = PBXGroup;
			children = (
			);
			path = SystemUtilities;
			sourceTree = "<group>";
		};
		B0ACC6992B279EB500F0FBC4 /* SystemUtility */ = {
			isa = PBXGroup;
			children = (
				B0ACC69A2B279EB500F0FBC4 /* NSString+MD5Addition.m */,
				B0ACC69B2B279EB500F0FBC4 /* UIDevice+Resolutions.m */,
				B0ACC69C2B279EB500F0FBC4 /* IPAddress.h */,
				B0ACC69D2B279EB500F0FBC4 /* UIDevice+IdentifierAddition.m */,
				B0ACC69E2B279EB500F0FBC4 /* ALHardware.h */,
				B0ACC69F2B279EB500F0FBC4 /* LocationUtils.h */,
				B0ACC6A02B279EB500F0FBC4 /* BonjourUtils.m */,
				B0ACC6A12B279EB500F0FBC4 /* SystemUtilities.h */,
				B0ACC6A22B279EB500F0FBC4 /* AirPlayUtils.m */,
				B0ACC6A32B279EB500F0FBC4 /* UIDevice+Resolutions.h */,
				B0ACC6A42B279EB500F0FBC4 /* NSString+MD5Addition.h */,
				B0ACC6A52B279EB500F0FBC4 /* IPAddress.c */,
				B0ACC6A62B279EB500F0FBC4 /* LocationUtils.m */,
				B0ACC6A72B279EB500F0FBC4 /* ALHardware.m */,
				B0ACC6A82B279EB500F0FBC4 /* UIDevice+IdentifierAddition.h */,
				B0ACC6A92B279EB500F0FBC4 /* AirPlayUtils.h */,
				B0ACC6AA2B279EB500F0FBC4 /* SystemUtilities.m */,
				B0ACC6AB2B279EB500F0FBC4 /* BonjourUtils.h */,
			);
			path = SystemUtility;
			sourceTree = "<group>";
		};
		B0FBE2962B21FD72007FC0C0 /* Cleaner */ = {
			isa = PBXGroup;
			children = (
				B0ACC63B2B279EA200F0FBC4 /* System */,
				B0FBE2A42B22031B007FC0C0 /* Model */,
				B0FBE29B2B22025C007FC0C0 /* Cell */,
				B0FBE2972B21FE3F007FC0C0 /* DuplicatePhotosViewController.swift */,
				B0ACC6E02B29A1F700F0FBC4 /* ScreenshotsViewController.swift */,
				B0ACC6D82B279F7800F0FBC4 /* CleanerViewController.swift */,
			);
			path = Cleaner;
			sourceTree = "<group>";
		};
		B0FBE29B2B22025C007FC0C0 /* Cell */ = {
			isa = PBXGroup;
			children = (
				B06780AD2B2DF3C9007FA572 /* VideosViewController.swift */,
				B0FBE2A02B2202D9007FC0C0 /* ScreenshotCollectionViewCell.swift */,
				B0FBE2A22B2202DF007FC0C0 /* DublicateCollectionViewCell.swift */,
				B0FBE29C2B220265007FC0C0 /* DublicatesTableViewCell.swift */,
			);
			path = Cell;
			sourceTree = "<group>";
		};
		B0FBE2A42B22031B007FC0C0 /* Model */ = {
			isa = PBXGroup;
			children = (
				B0FBE2B12B220530007FC0C0 /* Extensions */,
				B0FBE2A72B220393007FC0C0 /* DuplicatesService */,
				B0FBE2A52B220321007FC0C0 /* Formatter.swift */,
			);
			path = Model;
			sourceTree = "<group>";
		};
		B0FBE2A72B220393007FC0C0 /* DuplicatesService */ = {
			isa = PBXGroup;
			children = (
				B0FBE2A82B220393007FC0C0 /* ImageObjectModel.swift */,
				B0FBE2A92B220393007FC0C0 /* ImageManager.swift */,
				B0FBE2AA2B220393007FC0C0 /* FindDuplicatesUsingThumbnail.swift */,
			);
			path = DuplicatesService;
			sourceTree = "<group>";
		};
		B0FBE2B12B220530007FC0C0 /* Extensions */ = {
			isa = PBXGroup;
			children = (
				B0FBE2B22B220538007FC0C0 /* Array+chunked.swift */,
			);
			path = Extensions;
			sourceTree = "<group>";
		};
		D6D6C19C844C3F41108C3B3F /* Frameworks */ = {
			isa = PBXGroup;
			children = (
				5C46E53E2629A6F2004B48ED /* WidgetKit.framework */,
				5C46E5402629A6F3004B48ED /* SwiftUI.framework */,
				8DB6ED6850AC81E78E497C9F /* Pods_Full_Battery_Health.framework */,
			);
			name = Frameworks;
			sourceTree = "<group>";
		};
		EC67C4984A190C40D2427297 /* Pods */ = {
			isa = PBXGroup;
			children = (
				9AA9E670130ACA6F4B9686A1 /* Pods-Full Battery Health.debug.xcconfig */,
				E60D2D8DB2A97C803C6F387B /* Pods-Full Battery Health.release.xcconfig */,
			);
			path = Pods;
			sourceTree = "<group>";
		};
/* End PBXGroup section */

/* Begin PBXNativeTarget section */
		5C46E53C2629A6F2004B48ED /* StartWidgetExtension */ = {
			isa = PBXNativeTarget;
			buildConfigurationList = 5C46E5512629A6F3004B48ED /* Build configuration list for PBXNativeTarget "StartWidgetExtension" */;
			buildPhases = (
				5C46E5392629A6F2004B48ED /* Sources */,
				5C46E53A2629A6F2004B48ED /* Frameworks */,
				5C46E53B2629A6F2004B48ED /* Resources */,
			);
			buildRules = (
			);
			dependencies = (
			);
			name = StartWidgetExtension;
			productName = StartWidgetExtension;
			productReference = 5C46E53D2629A6F2004B48ED /* StartWidgetExtension.appex */;
			productType = "com.apple.product-type.app-extension";
		};
		5C656BD525EE7B2E00EF896F /* Full Battery Health */ = {
			isa = PBXNativeTarget;
			buildConfigurationList = 5C656BEA25EE7B3100EF896F /* Build configuration list for PBXNativeTarget "Full Battery Health" */;
			buildPhases = (
				E8FFE4AC790ED56BF4FF0345 /* [CP] Check Pods Manifest.lock */,
				5C656BD225EE7B2E00EF896F /* Sources */,
				5C656BD325EE7B2E00EF896F /* Frameworks */,
				5C656BD425EE7B2E00EF896F /* Resources */,
				5C46E54E2629A6F3004B48ED /* Embed App Extensions */,
				018C9BC1ACBE45440183B0BE /* [CP] Embed Pods Frameworks */,
			);
			buildRules = (
			);
			dependencies = (
				5C46E54C2629A6F3004B48ED /* PBXTargetDependency */,
			);
			name = "Full Battery Health";
			packageProductDependencies = (
				B0F826E52B0D1354003771E2 /* Charts */,
				B0FBE2942B1F3BE8007FC0C0 /* Lottie */,
				B0FBE2AF2B220490007FC0C0 /* CocoaImageHashing */,
				B0ACC6DE2B28A98200F0FBC4 /* MultiProgressView */,
			);
			productName = "Full Battery Health +";
			productReference = 5C656BD625EE7B2E00EF896F /* Full Battery Health.app */;
			productType = "com.apple.product-type.application";
		};
/* End PBXNativeTarget section */

/* Begin PBXProject section */
		5C656BCE25EE7B2E00EF896F /* Project object */ = {
			isa = PBXProject;
			attributes = {
				LastSwiftUpdateCheck = 1220;
				LastUpgradeCheck = 1220;
				TargetAttributes = {
					5C46E53C2629A6F2004B48ED = {
						CreatedOnToolsVersion = 12.2;
					};
					5C656BD525EE7B2E00EF896F = {
						CreatedOnToolsVersion = 12.2;
					};
				};
			};
			buildConfigurationList = 5C656BD125EE7B2E00EF896F /* Build configuration list for PBXProject "Full Battery Health" */;
			compatibilityVersion = "Xcode 9.3";
			developmentRegion = en;
			hasScannedForEncodings = 0;
			knownRegions = (
				en,
				Base,
			);
			mainGroup = 5C656BCD25EE7B2E00EF896F;
			packageReferences = (
				B0F826E42B0D1354003771E2 /* XCRemoteSwiftPackageReference "Charts" */,
				B0FBE2932B1F3BE8007FC0C0 /* XCRemoteSwiftPackageReference "lottie-ios" */,
				B0FBE2AE2B220490007FC0C0 /* XCRemoteSwiftPackageReference "cocoaimagehashing" */,
				B0ACC6DD2B28A98200F0FBC4 /* XCRemoteSwiftPackageReference "MultiProgressView" */,
			);
			productRefGroup = 5C656BD725EE7B2E00EF896F /* Products */;
			projectDirPath = "";
			projectRoot = "";
			targets = (
				5C656BD525EE7B2E00EF896F /* Full Battery Health */,
				5C46E53C2629A6F2004B48ED /* StartWidgetExtension */,
			);
		};
/* End PBXProject section */

/* Begin PBXResourcesBuildPhase section */
		5C46E53B2629A6F2004B48ED /* Resources */ = {
			isa = PBXResourcesBuildPhase;
			buildActionMask = 2147483647;
			files = (
				5CFA586A262ADF9500636988 /* Assets.xcassets in Resources */,
				5C46E5472629A6F3004B48ED /* Assets.xcassets in Resources */,
			);
			runOnlyForDeploymentPostprocessing = 0;
		};
		5C656BD425EE7B2E00EF896F /* Resources */ = {
			isa = PBXResourcesBuildPhase;
			buildActionMask = 2147483647;
			files = (
				5CB0D84925EF8C2E005634CF /* melody.mp3 in Resources */,
				B0ACC6C12B279EB500F0FBC4 /* GLBubbleEffect.fsh in Resources */,
				5CB0D84725EF8C2E005634CF /* siren.mp3 in Resources */,
				5C0566C4261C4A6200798392 /* InAppVC.xib in Resources */,
				5C656BE625EE7B3100EF896F /* LaunchScreen.storyboard in Resources */,
				B0B109412B38661A00FF7350 /* Welcome.storyboard in Resources */,
				5C656BE325EE7B3100EF896F /* Assets.xcassets in Resources */,
				B095A26B27244BAC007104AC /* pro.json in Resources */,
				B0ACC6C02B279EB500F0FBC4 /* GLBubbleEffect.vsh in Resources */,
				5C656BE125EE7B2E00EF896F /* Main.storyboard in Resources */,
				5C9CFD122618C7C100CCEF10 /* Lotti.json in Resources */,
				5CE57E1C25F51DDD004D9D04 /* SetBattery.xib in Resources */,
				5C97489625EFEE7F00C150B5 /* bell.mp3 in Resources */,
				5CEE564B262367C30065A524 /* batteryICONNew.png in Resources */,
				5C5572A42622F00C00E095F3 /* AlarmB.mp3 in Resources */,
			);
			runOnlyForDeploymentPostprocessing = 0;
		};
/* End PBXResourcesBuildPhase section */

/* Begin PBXShellScriptBuildPhase section */
		018C9BC1ACBE45440183B0BE /* [CP] Embed Pods Frameworks */ = {
			isa = PBXShellScriptBuildPhase;
			buildActionMask = 12;
			files = (
			);
			inputFileListPaths = (
				"${PODS_ROOT}/Target Support Files/Pods-Full Battery Health/Pods-Full Battery Health-frameworks-${CONFIGURATION}-input-files.xcfilelist",
			);
			name = "[CP] Embed Pods Frameworks";
			outputFileListPaths = (
				"${PODS_ROOT}/Target Support Files/Pods-Full Battery Health/Pods-Full Battery Health-frameworks-${CONFIGURATION}-output-files.xcfilelist",
			);
			runOnlyForDeploymentPostprocessing = 0;
			shellPath = /bin/sh;
			shellScript = "\"${PODS_ROOT}/Target Support Files/Pods-Full Battery Health/Pods-Full Battery Health-frameworks.sh\"\n";
			showEnvVarsInLog = 0;
		};
		E8FFE4AC790ED56BF4FF0345 /* [CP] Check Pods Manifest.lock */ = {
			isa = PBXShellScriptBuildPhase;
			buildActionMask = 2147483647;
			files = (
			);
			inputFileListPaths = (
			);
			inputPaths = (
				"${PODS_PODFILE_DIR_PATH}/Podfile.lock",
				"${PODS_ROOT}/Manifest.lock",
			);
			name = "[CP] Check Pods Manifest.lock";
			outputFileListPaths = (
			);
			outputPaths = (
				"$(DERIVED_FILE_DIR)/Pods-Full Battery Health-checkManifestLockResult.txt",
			);
			runOnlyForDeploymentPostprocessing = 0;
			shellPath = /bin/sh;
			shellScript = "diff \"${PODS_PODFILE_DIR_PATH}/Podfile.lock\" \"${PODS_ROOT}/Manifest.lock\" > /dev/null\nif [ $? != 0 ] ; then\n    # print error to STDERR\n    echo \"error: The sandbox is not in sync with the Podfile.lock. Run 'pod install' or update your CocoaPods installation.\" >&2\n    exit 1\nfi\n# This output is used by Xcode 'outputs' to avoid re-running this script phase.\necho \"SUCCESS\" > \"${SCRIPT_OUTPUT_FILE_0}\"\n";
			showEnvVarsInLog = 0;
		};
/* End PBXShellScriptBuildPhase section */

/* Begin PBXSourcesBuildPhase section */
		5C46E5392629A6F2004B48ED /* Sources */ = {
			isa = PBXSourcesBuildPhase;
			buildActionMask = 2147483647;
			files = (
				5C46E5442629A6F3004B48ED /* StartWidget.swift in Sources */,
				5C41E5D3262CBB60001D82C7 /* StartWidget.intentdefinition in Sources */,
			);
			runOnlyForDeploymentPostprocessing = 0;
		};
		5C656BD225EE7B2E00EF896F /* Sources */ = {
			isa = PBXSourcesBuildPhase;
			buildActionMask = 2147483647;
			files = (
				B0ACC6B52B279EB500F0FBC4 /* NetworkInfoController.m in Sources */,
				B0ACC6C92B279EB500F0FBC4 /* BatteryInfoController.m in Sources */,
				B0ACC6BA2B279EB500F0FBC4 /* StorageInfo.m in Sources */,
				5C153BE1260B3A31007B9E5D /* Ads.swift in Sources */,
				B0ACC6C82B279EB500F0FBC4 /* BatteryInfo.m in Sources */,
				5C656BDE25EE7B2E00EF896F /* ViewController.swift in Sources */,
				B0FBE2AD2B220394007FC0C0 /* FindDuplicatesUsingThumbnail.swift in Sources */,
				5C005E8A262EC696004B4D99 /* Intents.intentdefinition in Sources */,
				B0ACC6D32B279EB500F0FBC4 /* AirPlayUtils.m in Sources */,
				B0B109452B38939400FF7350 /* Apps15init.swift in Sources */,
				B0FBE2AC2B220394007FC0C0 /* ImageManager.swift in Sources */,
				B06780AE2B2DF3C9007FA572 /* VideosViewController.swift in Sources */,
				B0ACC6D72B279EB500F0FBC4 /* SystemUtilities.m in Sources */,
				B0FBE2A12B2202D9007FC0C0 /* ScreenshotCollectionViewCell.swift in Sources */,
				B0ACC6B12B279EB500F0FBC4 /* CPUInfoController.m in Sources */,
				B0ACC6CD2B279EB500F0FBC4 /* ProcessInfo.m in Sources */,
				5C0566C5261C4A6200798392 /* InAppVC.swift in Sources */,
				5CE57E2125F52A11004D9D04 /* MainCell2.swift in Sources */,
				B0ACC6B02B279EB500F0FBC4 /* CPULoad.m in Sources */,
				B0ACC6CC2B279EB500F0FBC4 /* RAMInfoController.m in Sources */,
				B0ACC6BC2B279EB500F0FBC4 /* GLDataLine.m in Sources */,
				5CFBCC9325F4F0BD002DB657 /* MainVC.swift in Sources */,
				B0ACC6B72B279EB500F0FBC4 /* NetworkBandwidth.m in Sources */,
				B0ACC6C22B279EB500F0FBC4 /* GLBubbleEffect.m in Sources */,
				B0FBE29D2B220265007FC0C0 /* DublicatesTableViewCell.swift in Sources */,
				B0ACC6B32B279EB500F0FBC4 /* CPUInfo.m in Sources */,
				B0FBE2A62B220321007FC0C0 /* Formatter.swift in Sources */,
				B0ACC6C42B279EB500F0FBC4 /* AMUtils.m in Sources */,
				B0B109432B38821700FF7350 /* WelcomeEnd.swift in Sources */,
				5C4183FC25FA3F0300FC4647 /* BatteryState.swift in Sources */,
				5CE57E1725F512CD004D9D04 /* Model.swift in Sources */,
				B0ACC6BD2B279EB500F0FBC4 /* GLLineGraph.m in Sources */,
				B0ACC6E12B29A1F800F0FBC4 /* ScreenshotsViewController.swift in Sources */,
				5CE57E1B25F51DDD004D9D04 /* SetBattery.swift in Sources */,
				B0ACC6C32B279EB500F0FBC4 /* GLTube.m in Sources */,
				B0ACC6D22B279EB500F0FBC4 /* BonjourUtils.m in Sources */,
				B0ACC6AE2B279EB500F0FBC4 /* GPUInfo.m in Sources */,
				B0FBE2982B21FE3F007FC0C0 /* DuplicatePhotosViewController.swift in Sources */,
				5C75C2C62616154C00808F40 /* batteryTest.swift in Sources */,
				B0ACC6D12B279EB500F0FBC4 /* UIDevice+IdentifierAddition.m in Sources */,
				B0FBE2AB2B220394007FC0C0 /* ImageObjectModel.swift in Sources */,
				B0ACC6D02B279EB500F0FBC4 /* UIDevice+Resolutions.m in Sources */,
				B0FBE2A32B2202E0007FC0C0 /* DublicateCollectionViewCell.swift in Sources */,
				B0ACC6BF2B279EB500F0FBC4 /* GLCommon.m in Sources */,
				B0FBE2B32B220538007FC0C0 /* Array+chunked.swift in Sources */,
				5CE57E2C25F5375E004D9D04 /* MainCell5.swift in Sources */,
				B0ACC6BE2B279EB500F0FBC4 /* GLEffect.m in Sources */,
				B0ACC6B22B279EB500F0FBC4 /* CPULoadFilter.m in Sources */,
				5CE57E2525F5323C004D9D04 /* MainCell3.swift in Sources */,
				B0ACC6C52B279EB500F0FBC4 /* DeviceInfoController.m in Sources */,
				B0ACC6CB2B279EB500F0FBC4 /* RAMUsage.m in Sources */,
				B0ACC6AD2B279EB500F0FBC4 /* DeviceSpecificUI.m in Sources */,
				B0ACC6CE2B279EB500F0FBC4 /* ProcessInfoController.m in Sources */,
				B0ACC6B82B279EB500F0FBC4 /* SystemMonitor.m in Sources */,
				5C656BDA25EE7B2E00EF896F /* AppDelegate.swift in Sources */,
				B0AE02F22B399CAB00AFF1D9 /* WelcomeFirst.swift in Sources */,
				B0ACC6D92B279F7800F0FBC4 /* CleanerViewController.swift in Sources */,
				B0ACC6D62B279EB500F0FBC4 /* ALHardware.m in Sources */,
				B0ACC6CA2B279EB500F0FBC4 /* RAMInfo.m in Sources */,
				5C2F117F25FE74F800B5541C /* BatteryStateCell.swift in Sources */,
				B0ACC6CF2B279EB500F0FBC4 /* NSString+MD5Addition.m in Sources */,
				5CFBCC9625F4F374002DB657 /* MainCell.swift in Sources */,
				B0ACC6B62B279EB500F0FBC4 /* NetworkInfo.m in Sources */,
				B0ACC6C72B279EB500F0FBC4 /* AMLogger.m in Sources */,
				B0ACC6AF2B279EB500F0FBC4 /* GPUInfoController.m in Sources */,
				5CD9591726206BAC009E8B83 /* Api.swift in Sources */,
				B0ACC6AC2B279EB500F0FBC4 /* HardcodedDeviceData.m in Sources */,
				B0ACC6D42B279EB500F0FBC4 /* IPAddress.c in Sources */,
				B0ACC6B42B279EB500F0FBC4 /* ActiveConnection.m in Sources */,
				B0ACC6D52B279EB500F0FBC4 /* LocationUtils.m in Sources */,
				B0ACC6C62B279EB500F0FBC4 /* DeviceInfo.m in Sources */,
				5CE57E2925F53427004D9D04 /* MainCell4.swift in Sources */,
				B0ACC6BB2B279EB500F0FBC4 /* StorageInfoController.m in Sources */,
			);
			runOnlyForDeploymentPostprocessing = 0;
		};
/* End PBXSourcesBuildPhase section */

/* Begin PBXTargetDependency section */
		5C46E54C2629A6F3004B48ED /* PBXTargetDependency */ = {
			isa = PBXTargetDependency;
			target = 5C46E53C2629A6F2004B48ED /* StartWidgetExtension */;
			targetProxy = 5C46E54B2629A6F3004B48ED /* PBXContainerItemProxy */;
		};
/* End PBXTargetDependency section */

/* Begin PBXVariantGroup section */
		5C656BDF25EE7B2E00EF896F /* Main.storyboard */ = {
			isa = PBXVariantGroup;
			children = (
				5C656BE025EE7B2E00EF896F /* Base */,
			);
			name = Main.storyboard;
			sourceTree = "<group>";
		};
		5C656BE425EE7B3100EF896F /* LaunchScreen.storyboard */ = {
			isa = PBXVariantGroup;
			children = (
				5C656BE525EE7B3100EF896F /* Base */,
			);
			name = LaunchScreen.storyboard;
			sourceTree = "<group>";
		};
/* End PBXVariantGroup section */

/* Begin XCBuildConfiguration section */
		5C46E54F2629A6F3004B48ED /* Debug */ = {
			isa = XCBuildConfiguration;
			buildSettings = {
				ASSETCATALOG_COMPILER_GLOBAL_ACCENT_COLOR_NAME = AccentColor;
				ASSETCATALOG_COMPILER_WIDGET_BACKGROUND_COLOR_NAME = WidgetBackground;
				CODE_SIGN_ENTITLEMENTS = StartWidgetExtension.entitlements;
				CODE_SIGN_IDENTITY = "Apple Development";
				CODE_SIGN_STYLE = Automatic;
				CURRENT_PROJECT_VERSION = 19;
				DEVELOPMENT_TEAM = 959YZPX78D;
				INFOPLIST_FILE = StartWidget/Info.plist;
				IPHONEOS_DEPLOYMENT_TARGET = 14.2;
				LD_RUNPATH_SEARCH_PATHS = (
					"$(inherited)",
					"@executable_path/Frameworks",
					"@executable_path/../../Frameworks",
				);
				MARKETING_VERSION = 5;
				PRODUCT_BUNDLE_IDENTIFIER = "com.Full-Battery.Health.StartWidget";
				PRODUCT_NAME = "$(TARGET_NAME)";
				SKIP_INSTALL = YES;
				SWIFT_VERSION = 5.0;
				TARGETED_DEVICE_FAMILY = "1,2";
			};
			name = Debug;
		};
		5C46E5502629A6F3004B48ED /* Release */ = {
			isa = XCBuildConfiguration;
			buildSettings = {
				ASSETCATALOG_COMPILER_GLOBAL_ACCENT_COLOR_NAME = AccentColor;
				ASSETCATALOG_COMPILER_WIDGET_BACKGROUND_COLOR_NAME = WidgetBackground;
				CODE_SIGN_ENTITLEMENTS = StartWidgetExtension.entitlements;
				CODE_SIGN_IDENTITY = "Apple Development";
				CODE_SIGN_STYLE = Automatic;
				CURRENT_PROJECT_VERSION = 19;
				DEVELOPMENT_TEAM = 959YZPX78D;
				INFOPLIST_FILE = StartWidget/Info.plist;
				IPHONEOS_DEPLOYMENT_TARGET = 14.2;
				LD_RUNPATH_SEARCH_PATHS = (
					"$(inherited)",
					"@executable_path/Frameworks",
					"@executable_path/../../Frameworks",
				);
				MARKETING_VERSION = 5;
				PRODUCT_BUNDLE_IDENTIFIER = "com.Full-Battery.Health.StartWidget";
				PRODUCT_NAME = "$(TARGET_NAME)";
				SKIP_INSTALL = YES;
				SWIFT_VERSION = 5.0;
				TARGETED_DEVICE_FAMILY = "1,2";
			};
			name = Release;
		};
		5C656BE825EE7B3100EF896F /* Debug */ = {
			isa = XCBuildConfiguration;
			buildSettings = {
				ALWAYS_SEARCH_USER_PATHS = NO;
				CLANG_ANALYZER_NONNULL = YES;
				CLANG_ANALYZER_NUMBER_OBJECT_CONVERSION = YES_AGGRESSIVE;
				CLANG_CXX_LANGUAGE_STANDARD = "gnu++14";
				CLANG_CXX_LIBRARY = "libc++";
				CLANG_ENABLE_MODULES = YES;
				CLANG_ENABLE_OBJC_ARC = YES;
				CLANG_ENABLE_OBJC_WEAK = YES;
				CLANG_WARN_BLOCK_CAPTURE_AUTORELEASING = YES;
				CLANG_WARN_BOOL_CONVERSION = YES;
				CLANG_WARN_COMMA = YES;
				CLANG_WARN_CONSTANT_CONVERSION = YES;
				CLANG_WARN_DEPRECATED_OBJC_IMPLEMENTATIONS = YES;
				CLANG_WARN_DIRECT_OBJC_ISA_USAGE = YES_ERROR;
				CLANG_WARN_DOCUMENTATION_COMMENTS = YES;
				CLANG_WARN_EMPTY_BODY = YES;
				CLANG_WARN_ENUM_CONVERSION = YES;
				CLANG_WARN_INFINITE_RECURSION = YES;
				CLANG_WARN_INT_CONVERSION = YES;
				CLANG_WARN_NON_LITERAL_NULL_CONVERSION = YES;
				CLANG_WARN_OBJC_IMPLICIT_RETAIN_SELF = YES;
				CLANG_WARN_OBJC_LITERAL_CONVERSION = YES;
				CLANG_WARN_OBJC_ROOT_CLASS = YES_ERROR;
				CLANG_WARN_QUOTED_INCLUDE_IN_FRAMEWORK_HEADER = YES;
				CLANG_WARN_RANGE_LOOP_ANALYSIS = YES;
				CLANG_WARN_STRICT_PROTOTYPES = YES;
				CLANG_WARN_SUSPICIOUS_MOVE = YES;
				CLANG_WARN_UNGUARDED_AVAILABILITY = YES_AGGRESSIVE;
				CLANG_WARN_UNREACHABLE_CODE = YES;
				CLANG_WARN__DUPLICATE_METHOD_MATCH = YES;
				COPY_PHASE_STRIP = NO;
				DEBUG_INFORMATION_FORMAT = dwarf;
				ENABLE_STRICT_OBJC_MSGSEND = YES;
				ENABLE_TESTABILITY = YES;
				GCC_C_LANGUAGE_STANDARD = gnu11;
				GCC_DYNAMIC_NO_PIC = NO;
				GCC_NO_COMMON_BLOCKS = YES;
				GCC_OPTIMIZATION_LEVEL = 0;
				GCC_PREPROCESSOR_DEFINITIONS = (
					"DEBUG=1",
					"$(inherited)",
				);
				GCC_WARN_64_TO_32_BIT_CONVERSION = YES;
				GCC_WARN_ABOUT_RETURN_TYPE = YES_ERROR;
				GCC_WARN_UNDECLARED_SELECTOR = YES;
				GCC_WARN_UNINITIALIZED_AUTOS = YES_AGGRESSIVE;
				GCC_WARN_UNUSED_FUNCTION = YES;
				GCC_WARN_UNUSED_VARIABLE = YES;
				IPHONEOS_DEPLOYMENT_TARGET = 13.0;
				MTL_ENABLE_DEBUG_INFO = INCLUDE_SOURCE;
				MTL_FAST_MATH = YES;
				ONLY_ACTIVE_ARCH = YES;
				OTHER_LDFLAGS = "-ObjC";
				SDKROOT = iphoneos;
				SWIFT_ACTIVE_COMPILATION_CONDITIONS = DEBUG;
				SWIFT_OPTIMIZATION_LEVEL = "-Onone";
			};
			name = Debug;
		};
		5C656BE925EE7B3100EF896F /* Release */ = {
			isa = XCBuildConfiguration;
			buildSettings = {
				ALWAYS_SEARCH_USER_PATHS = NO;
				CLANG_ANALYZER_NONNULL = YES;
				CLANG_ANALYZER_NUMBER_OBJECT_CONVERSION = YES_AGGRESSIVE;
				CLANG_CXX_LANGUAGE_STANDARD = "gnu++14";
				CLANG_CXX_LIBRARY = "libc++";
				CLANG_ENABLE_MODULES = YES;
				CLANG_ENABLE_OBJC_ARC = YES;
				CLANG_ENABLE_OBJC_WEAK = YES;
				CLANG_WARN_BLOCK_CAPTURE_AUTORELEASING = YES;
				CLANG_WARN_BOOL_CONVERSION = YES;
				CLANG_WARN_COMMA = YES;
				CLANG_WARN_CONSTANT_CONVERSION = YES;
				CLANG_WARN_DEPRECATED_OBJC_IMPLEMENTATIONS = YES;
				CLANG_WARN_DIRECT_OBJC_ISA_USAGE = YES_ERROR;
				CLANG_WARN_DOCUMENTATION_COMMENTS = YES;
				CLANG_WARN_EMPTY_BODY = YES;
				CLANG_WARN_ENUM_CONVERSION = YES;
				CLANG_WARN_INFINITE_RECURSION = YES;
				CLANG_WARN_INT_CONVERSION = YES;
				CLANG_WARN_NON_LITERAL_NULL_CONVERSION = YES;
				CLANG_WARN_OBJC_IMPLICIT_RETAIN_SELF = YES;
				CLANG_WARN_OBJC_LITERAL_CONVERSION = YES;
				CLANG_WARN_OBJC_ROOT_CLASS = YES_ERROR;
				CLANG_WARN_QUOTED_INCLUDE_IN_FRAMEWORK_HEADER = YES;
				CLANG_WARN_RANGE_LOOP_ANALYSIS = YES;
				CLANG_WARN_STRICT_PROTOTYPES = YES;
				CLANG_WARN_SUSPICIOUS_MOVE = YES;
				CLANG_WARN_UNGUARDED_AVAILABILITY = YES_AGGRESSIVE;
				CLANG_WARN_UNREACHABLE_CODE = YES;
				CLANG_WARN__DUPLICATE_METHOD_MATCH = YES;
				COPY_PHASE_STRIP = NO;
				DEBUG_INFORMATION_FORMAT = "dwarf-with-dsym";
				ENABLE_NS_ASSERTIONS = NO;
				ENABLE_STRICT_OBJC_MSGSEND = YES;
				GCC_C_LANGUAGE_STANDARD = gnu11;
				GCC_NO_COMMON_BLOCKS = YES;
				GCC_WARN_64_TO_32_BIT_CONVERSION = YES;
				GCC_WARN_ABOUT_RETURN_TYPE = YES_ERROR;
				GCC_WARN_UNDECLARED_SELECTOR = YES;
				GCC_WARN_UNINITIALIZED_AUTOS = YES_AGGRESSIVE;
				GCC_WARN_UNUSED_FUNCTION = YES;
				GCC_WARN_UNUSED_VARIABLE = YES;
				IPHONEOS_DEPLOYMENT_TARGET = 13.0;
				MTL_ENABLE_DEBUG_INFO = NO;
				MTL_FAST_MATH = YES;
				OTHER_LDFLAGS = "-ObjC";
				SDKROOT = iphoneos;
				SWIFT_COMPILATION_MODE = wholemodule;
				SWIFT_OPTIMIZATION_LEVEL = "-O";
				VALIDATE_PRODUCT = YES;
			};
			name = Release;
		};
		5C656BEB25EE7B3100EF896F /* Debug */ = {
			isa = XCBuildConfiguration;
			baseConfigurationReference = 9AA9E670130ACA6F4B9686A1 /* Pods-Full Battery Health.debug.xcconfig */;
			buildSettings = {
				ALWAYS_EMBED_SWIFT_STANDARD_LIBRARIES = YES;
				ASSETCATALOG_COMPILER_APPICON_NAME = AppIcon;
				ASSETCATALOG_COMPILER_GLOBAL_ACCENT_COLOR_NAME = AccentColor;
				CODE_SIGN_ENTITLEMENTS = "Full Battery Health.entitlements";
				CODE_SIGN_IDENTITY = "Apple Development";
				CODE_SIGN_STYLE = Automatic;
				CURRENT_PROJECT_VERSION = 33;
				DEVELOPMENT_TEAM = 959YZPX78D;
				INFOPLIST_FILE = "Full Battery Health +/Info.plist";
				INFOPLIST_KEY_LSApplicationCategoryType = "public.app-category.utilities";
				IPHONEOS_DEPLOYMENT_TARGET = 13.0;
				LD_RUNPATH_SEARCH_PATHS = (
					"$(inherited)",
					"@executable_path/Frameworks",
				);
				LIBRARY_SEARCH_PATHS = (
					"$(inherited)",
					"$(PROJECT_DIR)/Full\\ Battery\\ Health\\ +/Cleaner/System/SystemMonitor/Lumberjack",
				);
				MARKETING_VERSION = 5.3;
				PRODUCT_BUNDLE_IDENTIFIER = "com.Full-Battery.Health";
				PRODUCT_NAME = "$(TARGET_NAME)";
				PROVISIONING_PROFILE_SPECIFIER = "";
				SWIFT_OBJC_BRIDGING_HEADER = "/Users/saif/Desktop/Full Battery Health +/Full Battery Health +/Header.h";
				SWIFT_VERSION = 5.0;
				TARGETED_DEVICE_FAMILY = 1;
			};
			name = Debug;
		};
		5C656BEC25EE7B3100EF896F /* Release */ = {
			isa = XCBuildConfiguration;
			baseConfigurationReference = E60D2D8DB2A97C803C6F387B /* Pods-Full Battery Health.release.xcconfig */;
			buildSettings = {
				ALWAYS_EMBED_SWIFT_STANDARD_LIBRARIES = YES;
				ASSETCATALOG_COMPILER_APPICON_NAME = AppIcon;
				ASSETCATALOG_COMPILER_GLOBAL_ACCENT_COLOR_NAME = AccentColor;
				CODE_SIGN_ENTITLEMENTS = "Full Battery Health.entitlements";
				CODE_SIGN_IDENTITY = "Apple Development";
				CODE_SIGN_STYLE = Automatic;
				CURRENT_PROJECT_VERSION = 33;
				DEVELOPMENT_TEAM = 959YZPX78D;
				INFOPLIST_FILE = "Full Battery Health +/Info.plist";
				INFOPLIST_KEY_LSApplicationCategoryType = "public.app-category.utilities";
				IPHONEOS_DEPLOYMENT_TARGET = 13.0;
				LD_RUNPATH_SEARCH_PATHS = (
					"$(inherited)",
					"@executable_path/Frameworks",
				);
				LIBRARY_SEARCH_PATHS = (
					"$(inherited)",
					"$(PROJECT_DIR)/Full\\ Battery\\ Health\\ +/Cleaner/System/SystemMonitor/Lumberjack",
				);
				MARKETING_VERSION = 5.3;
				PRODUCT_BUNDLE_IDENTIFIER = "com.Full-Battery.Health";
				PRODUCT_NAME = "$(TARGET_NAME)";
				PROVISIONING_PROFILE_SPECIFIER = "";
				SWIFT_OBJC_BRIDGING_HEADER = "/Users/saif/Desktop/Full Battery Health +/Full Battery Health +/Header.h";
				SWIFT_VERSION = 5.0;
				TARGETED_DEVICE_FAMILY = 1;
			};
			name = Release;
		};
/* End XCBuildConfiguration section */

/* Begin XCConfigurationList section */
		5C46E5512629A6F3004B48ED /* Build configuration list for PBXNativeTarget "StartWidgetExtension" */ = {
			isa = XCConfigurationList;
			buildConfigurations = (
				5C46E54F2629A6F3004B48ED /* Debug */,
				5C46E5502629A6F3004B48ED /* Release */,
			);
			defaultConfigurationIsVisible = 0;
			defaultConfigurationName = Release;
		};
		5C656BD125EE7B2E00EF896F /* Build configuration list for PBXProject "Full Battery Health" */ = {
			isa = XCConfigurationList;
			buildConfigurations = (
				5C656BE825EE7B3100EF896F /* Debug */,
				5C656BE925EE7B3100EF896F /* Release */,
			);
			defaultConfigurationIsVisible = 0;
			defaultConfigurationName = Release;
		};
		5C656BEA25EE7B3100EF896F /* Build configuration list for PBXNativeTarget "Full Battery Health" */ = {
			isa = XCConfigurationList;
			buildConfigurations = (
				5C656BEB25EE7B3100EF896F /* Debug */,
				5C656BEC25EE7B3100EF896F /* Release */,
			);
			defaultConfigurationIsVisible = 0;
			defaultConfigurationName = Release;
		};
/* End XCConfigurationList section */

/* Begin XCRemoteSwiftPackageReference section */
		B0ACC6DD2B28A98200F0FBC4 /* XCRemoteSwiftPackageReference "MultiProgressView" */ = {
			isa = XCRemoteSwiftPackageReference;
			repositoryURL = "https://github.com/mac-gallagher/MultiProgressView";
			requirement = {
				kind = upToNextMajorVersion;
				minimumVersion = 1.0.2;
			};
		};
		B0F826E42B0D1354003771E2 /* XCRemoteSwiftPackageReference "Charts" */ = {
			isa = XCRemoteSwiftPackageReference;
			repositoryURL = "https://github.com/danielgindi/Charts";
			requirement = {
				kind = upToNextMajorVersion;
				minimumVersion = 4.0.3;
			};
		};
		B0FBE2932B1F3BE8007FC0C0 /* XCRemoteSwiftPackageReference "lottie-ios" */ = {
			isa = XCRemoteSwiftPackageReference;
			repositoryURL = "https://github.com/airbnb/lottie-ios";
			requirement = {
				kind = upToNextMajorVersion;
				minimumVersion = 4.3.4;
			};
		};
		B0FBE2AE2B220490007FC0C0 /* XCRemoteSwiftPackageReference "cocoaimagehashing" */ = {
			isa = XCRemoteSwiftPackageReference;
			repositoryURL = "https://github.com/ameingast/cocoaimagehashing.git";
			requirement = {
				kind = upToNextMajorVersion;
				minimumVersion = 1.9.0;
			};
		};
/* End XCRemoteSwiftPackageReference section */

/* Begin XCSwiftPackageProductDependency section */
		B0ACC6DE2B28A98200F0FBC4 /* MultiProgressView */ = {
			isa = XCSwiftPackageProductDependency;
			package = B0ACC6DD2B28A98200F0FBC4 /* XCRemoteSwiftPackageReference "MultiProgressView" */;
			productName = MultiProgressView;
		};
		B0F826E52B0D1354003771E2 /* Charts */ = {
			isa = XCSwiftPackageProductDependency;
			package = B0F826E42B0D1354003771E2 /* XCRemoteSwiftPackageReference "Charts" */;
			productName = Charts;
		};
		B0FBE2942B1F3BE8007FC0C0 /* Lottie */ = {
			isa = XCSwiftPackageProductDependency;
			package = B0FBE2932B1F3BE8007FC0C0 /* XCRemoteSwiftPackageReference "lottie-ios" */;
			productName = Lottie;
		};
		B0FBE2AF2B220490007FC0C0 /* CocoaImageHashing */ = {
			isa = XCSwiftPackageProductDependency;
			package = B0FBE2AE2B220490007FC0C0 /* XCRemoteSwiftPackageReference "cocoaimagehashing" */;
			productName = CocoaImageHashing;
		};
/* End XCSwiftPackageProductDependency section */
	};
	rootObject = 5C656BCE25EE7B2E00EF896F /* Project object */;
}
